// !$*UTF8*$!
{
	archiveVersion = 1;
	classes = {
	};
	objectVersion = 46;
	objects = {

/* Begin PBXBuildFile section */
		18C07C6F2BB33C06E8B051EC /* libPods-SuperOX.a in Frameworks */ = {isa = PBXBuildFile; fileRef = 656C72F342B0FC97E28C7D5C /* libPods-SuperOX.a */; };
		F918527B1D484F5100D04BC9 /* NSArray+Extend.m in Sources */ = {isa = PBXBuildFile; fileRef = F918527A1D484F5100D04BC9 /* NSArray+Extend.m */; };
		F92273A21D4AE9CA003F11FE /* SOBusinessObject.m in Sources */ = {isa = PBXBuildFile; fileRef = F92273A11D4AE9CA003F11FE /* SOBusinessObject.m */; };
		F92273A51D4AEB44003F11FE /* SOGlobleOperation.m in Sources */ = {isa = PBXBuildFile; fileRef = F92273A41D4AEB44003F11FE /* SOGlobleOperation.m */; };
		F92273A81D4AEB7B003F11FE /* SODiscoveryObject.m in Sources */ = {isa = PBXBuildFile; fileRef = F92273A71D4AEB7B003F11FE /* SODiscoveryObject.m */; };
		F92273AE1D4AF761003F11FE /* YYControl.m in Sources */ = {isa = PBXBuildFile; fileRef = F92273AB1D4AF761003F11FE /* YYControl.m */; };
		F92273AF1D4AF761003F11FE /* YYPhotoGroupView.m in Sources */ = {isa = PBXBuildFile; fileRef = F92273AD1D4AF761003F11FE /* YYPhotoGroupView.m */; };
		F92273B41D4AF841003F11FE /* SOAuthenticationView.m in Sources */ = {isa = PBXBuildFile; fileRef = F92273B11D4AF841003F11FE /* SOAuthenticationView.m */; };
		F92273B51D4AF841003F11FE /* SOCategoryButton.m in Sources */ = {isa = PBXBuildFile; fileRef = F92273B31D4AF841003F11FE /* SOCategoryButton.m */; };
		F92273CA1D4AFC0D003F11FE /* SODynamicViewController.m in Sources */ = {isa = PBXBuildFile; fileRef = F92273B61D4AFC0D003F11FE /* SODynamicViewController.m */; };
		F92273CF1D4AFC0D003F11FE /* SODynamicManager.m in Sources */ = {isa = PBXBuildFile; fileRef = F92273BE1D4AFC0D003F11FE /* SODynamicManager.m */; };
		F92273D01D4AFC0D003F11FE /* SODynamicObject.m in Sources */ = {isa = PBXBuildFile; fileRef = F92273C01D4AFC0D003F11FE /* SODynamicObject.m */; };
		F92273D11D4AFC0D003F11FE /* SODynamicViewController.xib in Resources */ = {isa = PBXBuildFile; fileRef = F92273C21D4AFC0D003F11FE /* SODynamicViewController.xib */; };
		F92273D21D4AFC0D003F11FE /* SOExtendTableViewCell.m in Sources */ = {isa = PBXBuildFile; fileRef = F92273C41D4AFC0D003F11FE /* SOExtendTableViewCell.m */; };
		F92273D31D4AFC0D003F11FE /* SOExtendTableViewCell.xib in Resources */ = {isa = PBXBuildFile; fileRef = F92273C51D4AFC0D003F11FE /* SOExtendTableViewCell.xib */; };
		F92273D41D4AFC0D003F11FE /* SONewFriendTableViewCell.m in Sources */ = {isa = PBXBuildFile; fileRef = F92273C81D4AFC0D003F11FE /* SONewFriendTableViewCell.m */; };
		F92273D51D4AFC0D003F11FE /* SONewFriendTableViewCell.xib in Resources */ = {isa = PBXBuildFile; fileRef = F92273C91D4AFC0D003F11FE /* SONewFriendTableViewCell.xib */; };
		F92273DE1D4AFC62003F11FE /* SORecommendTableViewCell.m in Sources */ = {isa = PBXBuildFile; fileRef = F92273DA1D4AFC62003F11FE /* SORecommendTableViewCell.m */; };
		F92273DF1D4AFC62003F11FE /* SORecommendTableViewCell.xib in Resources */ = {isa = PBXBuildFile; fileRef = F92273DB1D4AFC62003F11FE /* SORecommendTableViewCell.xib */; };
		F92273E31D4AFDC2003F11FE /* SOMainPageTableViewCell.m in Sources */ = {isa = PBXBuildFile; fileRef = F92273E11D4AFDC2003F11FE /* SOMainPageTableViewCell.m */; };
		F92273E41D4AFDC2003F11FE /* SOMainPageTableViewCell.xib in Resources */ = {isa = PBXBuildFile; fileRef = F92273E21D4AFDC2003F11FE /* SOMainPageTableViewCell.xib */; };
		F92273F11D4B003C003F11FE /* SDBrowserImageView.m in Sources */ = {isa = PBXBuildFile; fileRef = F92273E71D4B003C003F11FE /* SDBrowserImageView.m */; };
		F92273F21D4B003C003F11FE /* SDPhotoBrowser.m in Sources */ = {isa = PBXBuildFile; fileRef = F92273E91D4B003C003F11FE /* SDPhotoBrowser.m */; };
		F92273F31D4B003C003F11FE /* SDPhotoGroup.m in Sources */ = {isa = PBXBuildFile; fileRef = F92273EC1D4B003C003F11FE /* SDPhotoGroup.m */; };
		F92273F41D4B003C003F11FE /* SDPhotoItem.m in Sources */ = {isa = PBXBuildFile; fileRef = F92273EE1D4B003C003F11FE /* SDPhotoItem.m */; };
		F92273F51D4B003C003F11FE /* SDWaitingView.m in Sources */ = {isa = PBXBuildFile; fileRef = F92273F01D4B003C003F11FE /* SDWaitingView.m */; };
		F92274381D4B0067003F11FE /* CTTextDisplayView.m in Sources */ = {isa = PBXBuildFile; fileRef = F92273F81D4B0067003F11FE /* CTTextDisplayView.m */; };
		F92274391D4B0067003F11FE /* CTTextEmojiUtil.m in Sources */ = {isa = PBXBuildFile; fileRef = F92273FA1D4B0067003F11FE /* CTTextEmojiUtil.m */; };
		F922743A1D4B0067003F11FE /* CTTextRun.m in Sources */ = {isa = PBXBuildFile; fileRef = F92273FC1D4B0067003F11FE /* CTTextRun.m */; };
		F922743B1D4B0067003F11FE /* CTTextStyleModel.m in Sources */ = {isa = PBXBuildFile; fileRef = F92273FE1D4B0067003F11FE /* CTTextStyleModel.m */; };
		F922743C1D4B0067003F11FE /* d_aini@2x.png in Resources */ = {isa = PBXBuildFile; fileRef = F92274001D4B0067003F11FE /* d_aini@2x.png */; };
		F922743D1D4B0067003F11FE /* d_aini@3x.png in Resources */ = {isa = PBXBuildFile; fileRef = F92274011D4B0067003F11FE /* d_aini@3x.png */; };
		F922743E1D4B0067003F11FE /* d_baibai@2x.png in Resources */ = {isa = PBXBuildFile; fileRef = F92274021D4B0067003F11FE /* d_baibai@2x.png */; };
		F922743F1D4B0067003F11FE /* d_baibai@3x.png in Resources */ = {isa = PBXBuildFile; fileRef = F92274031D4B0067003F11FE /* d_baibai@3x.png */; };
		F92274401D4B0067003F11FE /* d_beishang@2x.png in Resources */ = {isa = PBXBuildFile; fileRef = F92274041D4B0067003F11FE /* d_beishang@2x.png */; };
		F92274411D4B0067003F11FE /* d_beishang@3x.png in Resources */ = {isa = PBXBuildFile; fileRef = F92274051D4B0067003F11FE /* d_beishang@3x.png */; };
		F92274421D4B0067003F11FE /* d_bishi@2x.png in Resources */ = {isa = PBXBuildFile; fileRef = F92274061D4B0067003F11FE /* d_bishi@2x.png */; };
		F92274431D4B0067003F11FE /* d_bishi@3x.png in Resources */ = {isa = PBXBuildFile; fileRef = F92274071D4B0067003F11FE /* d_bishi@3x.png */; };
		F92274441D4B0067003F11FE /* d_bizui@2x.png in Resources */ = {isa = PBXBuildFile; fileRef = F92274081D4B0067003F11FE /* d_bizui@2x.png */; };
		F92274451D4B0067003F11FE /* d_bizui@3x.png in Resources */ = {isa = PBXBuildFile; fileRef = F92274091D4B0067003F11FE /* d_bizui@3x.png */; };
		F92274461D4B0067003F11FE /* d_chanzui@2x.png in Resources */ = {isa = PBXBuildFile; fileRef = F922740A1D4B0067003F11FE /* d_chanzui@2x.png */; };
		F92274471D4B0067003F11FE /* d_chanzui@3x.png in Resources */ = {isa = PBXBuildFile; fileRef = F922740B1D4B0067003F11FE /* d_chanzui@3x.png */; };
		F92274481D4B0067003F11FE /* d_chijing@2x.png in Resources */ = {isa = PBXBuildFile; fileRef = F922740C1D4B0067003F11FE /* d_chijing@2x.png */; };
		F92274491D4B0067003F11FE /* d_chijing@3x.png in Resources */ = {isa = PBXBuildFile; fileRef = F922740D1D4B0067003F11FE /* d_chijing@3x.png */; };
		F922744A1D4B0067003F11FE /* d_dahaqi@2x.png in Resources */ = {isa = PBXBuildFile; fileRef = F922740E1D4B0067003F11FE /* d_dahaqi@2x.png */; };
		F922744B1D4B0067003F11FE /* d_dahaqi@3x.png in Resources */ = {isa = PBXBuildFile; fileRef = F922740F1D4B0067003F11FE /* d_dahaqi@3x.png */; };
		F922744C1D4B0067003F11FE /* d_dalian@2x.png in Resources */ = {isa = PBXBuildFile; fileRef = F92274101D4B0067003F11FE /* d_dalian@2x.png */; };
		F922744D1D4B0067003F11FE /* d_dalian@3x.png in Resources */ = {isa = PBXBuildFile; fileRef = F92274111D4B0067003F11FE /* d_dalian@3x.png */; };
		F922744E1D4B0067003F11FE /* d_ganmao@2x.png in Resources */ = {isa = PBXBuildFile; fileRef = F92274121D4B0067003F11FE /* d_ganmao@2x.png */; };
		F922744F1D4B0067003F11FE /* d_ganmao@3x.png in Resources */ = {isa = PBXBuildFile; fileRef = F92274131D4B0067003F11FE /* d_ganmao@3x.png */; };
		F92274501D4B0067003F11FE /* d_guzhang@2x.png in Resources */ = {isa = PBXBuildFile; fileRef = F92274141D4B0067003F11FE /* d_guzhang@2x.png */; };
		F92274511D4B0067003F11FE /* d_guzhang@3x.png in Resources */ = {isa = PBXBuildFile; fileRef = F92274151D4B0067003F11FE /* d_guzhang@3x.png */; };
		F92274521D4B0067003F11FE /* d_haha@2x.png in Resources */ = {isa = PBXBuildFile; fileRef = F92274161D4B0067003F11FE /* d_haha@2x.png */; };
		F92274531D4B0067003F11FE /* d_haixiu@2x.png in Resources */ = {isa = PBXBuildFile; fileRef = F92274171D4B0067003F11FE /* d_haixiu@2x.png */; };
		F92274541D4B0067003F11FE /* d_haixiu@3x.png in Resources */ = {isa = PBXBuildFile; fileRef = F92274181D4B0067003F11FE /* d_haixiu@3x.png */; };
		F92274551D4B0067003F11FE /* d_han@2x.png in Resources */ = {isa = PBXBuildFile; fileRef = F92274191D4B0067003F11FE /* d_han@2x.png */; };
		F92274561D4B0067003F11FE /* d_han@3x.png in Resources */ = {isa = PBXBuildFile; fileRef = F922741A1D4B0067003F11FE /* d_han@3x.png */; };
		F92274571D4B0067003F11FE /* d_hehe@2x.png in Resources */ = {isa = PBXBuildFile; fileRef = F922741B1D4B0067003F11FE /* d_hehe@2x.png */; };
		F92274581D4B0067003F11FE /* d_hehe@3x.png in Resources */ = {isa = PBXBuildFile; fileRef = F922741C1D4B0067003F11FE /* d_hehe@3x.png */; };
		F92274591D4B0067003F11FE /* d_heixian@2x.png in Resources */ = {isa = PBXBuildFile; fileRef = F922741D1D4B0067003F11FE /* d_heixian@2x.png */; };
		F922745A1D4B0067003F11FE /* d_heixian@3x.png in Resources */ = {isa = PBXBuildFile; fileRef = F922741E1D4B0067003F11FE /* d_heixian@3x.png */; };
		F922745B1D4B0067003F11FE /* d_heng@2x.png in Resources */ = {isa = PBXBuildFile; fileRef = F922741F1D4B0067003F11FE /* d_heng@2x.png */; };
		F922745C1D4B0067003F11FE /* d_heng@3x.png in Resources */ = {isa = PBXBuildFile; fileRef = F92274201D4B0067003F11FE /* d_heng@3x.png */; };
		F922745D1D4B0067003F11FE /* d_huaxin@2x.png in Resources */ = {isa = PBXBuildFile; fileRef = F92274211D4B0067003F11FE /* d_huaxin@2x.png */; };
		F922745E1D4B0067003F11FE /* d_huaxin@3x.png in Resources */ = {isa = PBXBuildFile; fileRef = F92274221D4B0067003F11FE /* d_huaxin@3x.png */; };
		F922745F1D4B0067003F11FE /* d_jiyan@2x.png in Resources */ = {isa = PBXBuildFile; fileRef = F92274231D4B0067003F11FE /* d_jiyan@2x.png */; };
		F92274601D4B0067003F11FE /* d_jiyan@3x.png in Resources */ = {isa = PBXBuildFile; fileRef = F92274241D4B0067003F11FE /* d_jiyan@3x.png */; };
		F92274611D4B0067003F11FE /* d_keai@2x.png in Resources */ = {isa = PBXBuildFile; fileRef = F92274251D4B0067003F11FE /* d_keai@2x.png */; };
		F92274621D4B0067003F11FE /* d_keai@3x.png in Resources */ = {isa = PBXBuildFile; fileRef = F92274261D4B0067003F11FE /* d_keai@3x.png */; };
		F92274631D4B0067003F11FE /* d_kelian@2x.png in Resources */ = {isa = PBXBuildFile; fileRef = F92274271D4B0067003F11FE /* d_kelian@2x.png */; };
		F92274641D4B0067003F11FE /* d_kelian@3x.png in Resources */ = {isa = PBXBuildFile; fileRef = F92274281D4B0067003F11FE /* d_kelian@3x.png */; };
		F92274651D4B0067003F11FE /* d_ku@2x.png in Resources */ = {isa = PBXBuildFile; fileRef = F92274291D4B0067003F11FE /* d_ku@2x.png */; };
		F92274661D4B0067003F11FE /* d_ku@3x.png in Resources */ = {isa = PBXBuildFile; fileRef = F922742A1D4B0067003F11FE /* d_ku@3x.png */; };
		F92274671D4B0067003F11FE /* d_kun@2x.png in Resources */ = {isa = PBXBuildFile; fileRef = F922742B1D4B0067003F11FE /* d_kun@2x.png */; };
		F92274681D4B0067003F11FE /* d_kun@3x.png in Resources */ = {isa = PBXBuildFile; fileRef = F922742C1D4B0067003F11FE /* d_kun@3x.png */; };
		F92274691D4B0067003F11FE /* d_landelini@2x.png in Resources */ = {isa = PBXBuildFile; fileRef = F922742D1D4B0067003F11FE /* d_landelini@2x.png */; };
		F922746A1D4B0067003F11FE /* d_landelini@3x.png in Resources */ = {isa = PBXBuildFile; fileRef = F922742E1D4B0067003F11FE /* d_landelini@3x.png */; };
		F922746B1D4B0067003F11FE /* emoji.plist in Resources */ = {isa = PBXBuildFile; fileRef = F92274301D4B0067003F11FE /* emoji.plist */; };
		F922746C1D4B0067003F11FE /* hyperlink@2x.png in Resources */ = {isa = PBXBuildFile; fileRef = F92274321D4B0067003F11FE /* hyperlink@2x.png */; };
		F922746D1D4B0067003F11FE /* hyperlink@3x.png in Resources */ = {isa = PBXBuildFile; fileRef = F92274331D4B0067003F11FE /* hyperlink@3x.png */; };
		F922746E1D4B0067003F11FE /* photo@2x.png in Resources */ = {isa = PBXBuildFile; fileRef = F92274341D4B0067003F11FE /* photo@2x.png */; };
		F922746F1D4B0067003F11FE /* photo@3x.png in Resources */ = {isa = PBXBuildFile; fileRef = F92274351D4B0067003F11FE /* photo@3x.png */; };
		F92274701D4B0067003F11FE /* video@2x.png in Resources */ = {isa = PBXBuildFile; fileRef = F92274361D4B0067003F11FE /* video@2x.png */; };
		F92274711D4B0067003F11FE /* video@3x.png in Resources */ = {isa = PBXBuildFile; fileRef = F92274371D4B0067003F11FE /* video@3x.png */; };
		F92722761D23AD5D00B50C93 /* SOLoginNextViewController.m in Sources */ = {isa = PBXBuildFile; fileRef = F92722741D23AD5D00B50C93 /* SOLoginNextViewController.m */; };
		F92722771D23AD5D00B50C93 /* SOLoginNextViewController.xib in Resources */ = {isa = PBXBuildFile; fileRef = F92722751D23AD5D00B50C93 /* SOLoginNextViewController.xib */; };
		F927227B1D23AD7F00B50C93 /* SORegisterViewController.m in Sources */ = {isa = PBXBuildFile; fileRef = F92722791D23AD7F00B50C93 /* SORegisterViewController.m */; };
		F927227C1D23AD7F00B50C93 /* SORegisterViewController.xib in Resources */ = {isa = PBXBuildFile; fileRef = F927227A1D23AD7F00B50C93 /* SORegisterViewController.xib */; };
		F932BF2A1D226B08005311C0 /* SOBaseNavigationViewController.m in Sources */ = {isa = PBXBuildFile; fileRef = F932BF291D226B08005311C0 /* SOBaseNavigationViewController.m */; };
		F9559BB51D499F5600BF6BC8 /* SOChatViewController.m in Sources */ = {isa = PBXBuildFile; fileRef = F9559BB31D499F5600BF6BC8 /* SOChatViewController.m */; };
		F9559BB61D499F5600BF6BC8 /* SOChatViewController.xib in Resources */ = {isa = PBXBuildFile; fileRef = F9559BB41D499F5600BF6BC8 /* SOChatViewController.xib */; };
		F9559BB91D49AFFA00BF6BC8 /* SOEaseMobManager.m in Sources */ = {isa = PBXBuildFile; fileRef = F9559BB81D49AFFA00BF6BC8 /* SOEaseMobManager.m */; };
		F9559BC01D49DF1200BF6BC8 /* SOCreateGroupViewController.m in Sources */ = {isa = PBXBuildFile; fileRef = F9559BBE1D49DF1200BF6BC8 /* SOCreateGroupViewController.m */; };
		F9559BC51D49E0C700BF6BC8 /* SOGroupDetailViewController.m in Sources */ = {isa = PBXBuildFile; fileRef = F9559BC31D49E0C700BF6BC8 /* SOGroupDetailViewController.m */; };
		F9559BC61D49E0C700BF6BC8 /* SOGroupDetailViewController.xib in Resources */ = {isa = PBXBuildFile; fileRef = F9559BC41D49E0C700BF6BC8 /* SOGroupDetailViewController.xib */; };
		F9559BCA1D49E29100BF6BC8 /* SOChatListViewController.m in Sources */ = {isa = PBXBuildFile; fileRef = F9559BC81D49E29100BF6BC8 /* SOChatListViewController.m */; };
		F9559BCB1D49E29100BF6BC8 /* SOChatListViewController.xib in Resources */ = {isa = PBXBuildFile; fileRef = F9559BC91D49E29100BF6BC8 /* SOChatListViewController.xib */; };
		F9559BD81D4A004A00BF6BC8 /* SOAlertView.m in Sources */ = {isa = PBXBuildFile; fileRef = F9559BCD1D4A004A00BF6BC8 /* SOAlertView.m */; };
		F9559BD91D4A004A00BF6BC8 /* SOEmptyDataView.m in Sources */ = {isa = PBXBuildFile; fileRef = F9559BCF1D4A004A00BF6BC8 /* SOEmptyDataView.m */; };
		F9559BDA1D4A004A00BF6BC8 /* SONoticeView.m in Sources */ = {isa = PBXBuildFile; fileRef = F9559BD11D4A004A00BF6BC8 /* SONoticeView.m */; };
		F9559BDB1D4A004A00BF6BC8 /* SOProgressHUD.m in Sources */ = {isa = PBXBuildFile; fileRef = F9559BD31D4A004A00BF6BC8 /* SOProgressHUD.m */; };
		F9559BDC1D4A004A00BF6BC8 /* SOSearchBar.m in Sources */ = {isa = PBXBuildFile; fileRef = F9559BD51D4A004A00BF6BC8 /* SOSearchBar.m */; };
		F9559BDD1D4A004A00BF6BC8 /* SOUserHeaderView.m in Sources */ = {isa = PBXBuildFile; fileRef = F9559BD71D4A004A00BF6BC8 /* SOUserHeaderView.m */; };
		F9559BE01D4A005C00BF6BC8 /* SOTextView.m in Sources */ = {isa = PBXBuildFile; fileRef = F9559BDF1D4A005C00BF6BC8 /* SOTextView.m */; };
		F978FB701D07F40A00FBC8BC /* SOBaseScrollViewController.m in Sources */ = {isa = PBXBuildFile; fileRef = F978FB6F1D07F40A00FBC8BC /* SOBaseScrollViewController.m */; };
		F978FB761D07F75700FBC8BC /* SOAppDelegate.m in Sources */ = {isa = PBXBuildFile; fileRef = F978FB731D07F75700FBC8BC /* SOAppDelegate.m */; };
		F978FB771D07F75700FBC8BC /* SORootViewController.m in Sources */ = {isa = PBXBuildFile; fileRef = F978FB751D07F75700FBC8BC /* SORootViewController.m */; };
		F978FB7D1D07F84400FBC8BC /* SOLoginObject.m in Sources */ = {isa = PBXBuildFile; fileRef = F978FB7C1D07F84400FBC8BC /* SOLoginObject.m */; };
		F978FB801D07F85300FBC8BC /* SOLoginManager.m in Sources */ = {isa = PBXBuildFile; fileRef = F978FB7F1D07F85200FBC8BC /* SOLoginManager.m */; };
		F978FB8D1D0803A500FBC8BC /* UIView+HUD.m in Sources */ = {isa = PBXBuildFile; fileRef = F978FB8C1D0803A500FBC8BC /* UIView+HUD.m */; };
		F978FB931D0804C000FBC8BC /* NSString+Extend.m in Sources */ = {isa = PBXBuildFile; fileRef = F978FB921D0804C000FBC8BC /* NSString+Extend.m */; };
		F978FB991D08124D00FBC8BC /* NSObject+Extend.m in Sources */ = {isa = PBXBuildFile; fileRef = F978FB981D08124D00FBC8BC /* NSObject+Extend.m */; };
		F9796DBE1D224FBD0079579E /* SOBaseView.m in Sources */ = {isa = PBXBuildFile; fileRef = F9796DBD1D224FBD0079579E /* SOBaseView.m */; };
		F9796DC11D2250440079579E /* SOAdvertisementView.m in Sources */ = {isa = PBXBuildFile; fileRef = F9796DC01D2250440079579E /* SOAdvertisementView.m */; };
		F9A27D661D499BA100362FA0 /* SOMessageSegmentViewController.m in Sources */ = {isa = PBXBuildFile; fileRef = F9A27D651D499BA100362FA0 /* SOMessageSegmentViewController.m */; };
		F9A2EF701CF2FED70054AE1C /* SOBaseTableViewCell.m in Sources */ = {isa = PBXBuildFile; fileRef = F9A2EF6D1CF2FED70054AE1C /* SOBaseTableViewCell.m */; };
		F9A2EF711CF2FED70054AE1C /* SOBaseViewController.m in Sources */ = {isa = PBXBuildFile; fileRef = F9A2EF6F1CF2FED70054AE1C /* SOBaseViewController.m */; };
		F9A2EF751CF309A00054AE1C /* SOLoginViewController.m in Sources */ = {isa = PBXBuildFile; fileRef = F9A2EF731CF309A00054AE1C /* SOLoginViewController.m */; };
		F9A2EF761CF309A00054AE1C /* SOLoginViewController.xib in Resources */ = {isa = PBXBuildFile; fileRef = F9A2EF741CF309A00054AE1C /* SOLoginViewController.xib */; };
		F9A2EF7E1CF30B7A0054AE1C /* SOGloble.m in Sources */ = {isa = PBXBuildFile; fileRef = F9A2EF7D1CF30B7A0054AE1C /* SOGloble.m */; };
		F9A2EF811CF310A00054AE1C /* SOGuideView.m in Sources */ = {isa = PBXBuildFile; fileRef = F9A2EF801CF310A00054AE1C /* SOGuideView.m */; };
		F9DB427C1D48BDA8008D8E19 /* SOGroupViewController.m in Sources */ = {isa = PBXBuildFile; fileRef = F9DB427A1D48BDA8008D8E19 /* SOGroupViewController.m */; };
		F9DB427D1D48BDA8008D8E19 /* SOGroupViewController.xib in Resources */ = {isa = PBXBuildFile; fileRef = F9DB427B1D48BDA8008D8E19 /* SOGroupViewController.xib */; };
		F9DE59AF1D2A404800CB4CAB /* SOTabbarViewController.m in Sources */ = {isa = PBXBuildFile; fileRef = F9DE59AD1D2A404800CB4CAB /* SOTabbarViewController.m */; };
		F9DE59B01D2A404800CB4CAB /* SOTabbarViewController.xib in Resources */ = {isa = PBXBuildFile; fileRef = F9DE59AE1D2A404800CB4CAB /* SOTabbarViewController.xib */; };
		F9DE59B61D2A471F00CB4CAB /* UIButton+Extend.m in Sources */ = {isa = PBXBuildFile; fileRef = F9DE59B51D2A471F00CB4CAB /* UIButton+Extend.m */; };
		F9E333211D4715E900DD0C58 /* SONetWork.m in Sources */ = {isa = PBXBuildFile; fileRef = F9E333201D4715E900DD0C58 /* SONetWork.m */; };
		F9E333241D47377D00DD0C58 /* SOEncryptionAlgorithm.m in Sources */ = {isa = PBXBuildFile; fileRef = F9E333231D47377D00DD0C58 /* SOEncryptionAlgorithm.m */; };
		F9E3332A1D47666500DD0C58 /* UITableView+MJRefresh.m in Sources */ = {isa = PBXBuildFile; fileRef = F9E333291D47666500DD0C58 /* UITableView+MJRefresh.m */; };
		F9FD01CD1D462ECB00A99825 /* SOBusinessViewController.m in Sources */ = {isa = PBXBuildFile; fileRef = F9FD01CB1D462ECB00A99825 /* SOBusinessViewController.m */; };
		F9FD01CE1D462ECB00A99825 /* SOBusinessViewController.xib in Resources */ = {isa = PBXBuildFile; fileRef = F9FD01CC1D462ECB00A99825 /* SOBusinessViewController.xib */; };
		F9FD01D21D462EDB00A99825 /* SODiscoveryViewController.m in Sources */ = {isa = PBXBuildFile; fileRef = F9FD01D01D462EDB00A99825 /* SODiscoveryViewController.m */; };
		F9FD01D31D462EDB00A99825 /* SODiscoveryViewController.xib in Resources */ = {isa = PBXBuildFile; fileRef = F9FD01D11D462EDB00A99825 /* SODiscoveryViewController.xib */; };
		F9FD01D71D462EEC00A99825 /* SOUserCenterViewController.m in Sources */ = {isa = PBXBuildFile; fileRef = F9FD01D51D462EEC00A99825 /* SOUserCenterViewController.m */; };
		F9FD01D81D462EEC00A99825 /* SOUserCenterViewController.xib in Resources */ = {isa = PBXBuildFile; fileRef = F9FD01D61D462EEC00A99825 /* SOUserCenterViewController.xib */; };
		F9FDBEEE1CEAFE5900056275 /* main.m in Sources */ = {isa = PBXBuildFile; fileRef = F9FDBEED1CEAFE5900056275 /* main.m */; };
		F9FDBEF71CEAFE5900056275 /* Main.storyboard in Resources */ = {isa = PBXBuildFile; fileRef = F9FDBEF51CEAFE5900056275 /* Main.storyboard */; };
		F9FDBEF91CEAFE5900056275 /* Assets.xcassets in Resources */ = {isa = PBXBuildFile; fileRef = F9FDBEF81CEAFE5900056275 /* Assets.xcassets */; };
/* End PBXBuildFile section */

/* Begin PBXFileReference section */
		438743E9E0FCA64206AA1BD4 /* Pods-SuperOX.debug.xcconfig */ = {isa = PBXFileReference; includeInIndex = 1; lastKnownFileType = text.xcconfig; name = "Pods-SuperOX.debug.xcconfig"; path = "Pods/Target Support Files/Pods-SuperOX/Pods-SuperOX.debug.xcconfig"; sourceTree = "<group>"; };
		656C72F342B0FC97E28C7D5C /* libPods-SuperOX.a */ = {isa = PBXFileReference; explicitFileType = archive.ar; includeInIndex = 0; path = "libPods-SuperOX.a"; sourceTree = BUILT_PRODUCTS_DIR; };
		D621B8E60C40F83A90A82CA2 /* Pods-SuperOX.release.xcconfig */ = {isa = PBXFileReference; includeInIndex = 1; lastKnownFileType = text.xcconfig; name = "Pods-SuperOX.release.xcconfig"; path = "Pods/Target Support Files/Pods-SuperOX/Pods-SuperOX.release.xcconfig"; sourceTree = "<group>"; };
		E81841C47950F5EEFB7AEDB7 /* Pods-SuperOX.debug_test.xcconfig */ = {isa = PBXFileReference; includeInIndex = 1; lastKnownFileType = text.xcconfig; name = "Pods-SuperOX.debug_test.xcconfig"; path = "Pods/Target Support Files/Pods-SuperOX/Pods-SuperOX.debug_test.xcconfig"; sourceTree = "<group>"; };
		F91852791D484F5100D04BC9 /* NSArray+Extend.h */ = {isa = PBXFileReference; fileEncoding = 4; lastKnownFileType = sourcecode.c.h; path = "NSArray+Extend.h"; sourceTree = "<group>"; };
		F918527A1D484F5100D04BC9 /* NSArray+Extend.m */ = {isa = PBXFileReference; fileEncoding = 4; lastKnownFileType = sourcecode.c.objc; path = "NSArray+Extend.m"; sourceTree = "<group>"; };
		F92273A01D4AE9CA003F11FE /* SOBusinessObject.h */ = {isa = PBXFileReference; fileEncoding = 4; lastKnownFileType = sourcecode.c.h; path = SOBusinessObject.h; sourceTree = "<group>"; };
		F92273A11D4AE9CA003F11FE /* SOBusinessObject.m */ = {isa = PBXFileReference; fileEncoding = 4; lastKnownFileType = sourcecode.c.objc; path = SOBusinessObject.m; sourceTree = "<group>"; };
		F92273A31D4AEB44003F11FE /* SOGlobleOperation.h */ = {isa = PBXFileReference; fileEncoding = 4; lastKnownFileType = sourcecode.c.h; path = SOGlobleOperation.h; sourceTree = "<group>"; };
		F92273A41D4AEB44003F11FE /* SOGlobleOperation.m */ = {isa = PBXFileReference; fileEncoding = 4; lastKnownFileType = sourcecode.c.objc; path = SOGlobleOperation.m; sourceTree = "<group>"; };
		F92273A61D4AEB7B003F11FE /* SODiscoveryObject.h */ = {isa = PBXFileReference; fileEncoding = 4; lastKnownFileType = sourcecode.c.h; path = SODiscoveryObject.h; sourceTree = "<group>"; };
		F92273A71D4AEB7B003F11FE /* SODiscoveryObject.m */ = {isa = PBXFileReference; fileEncoding = 4; lastKnownFileType = sourcecode.c.objc; path = SODiscoveryObject.m; sourceTree = "<group>"; };
		F92273AA1D4AF761003F11FE /* YYControl.h */ = {isa = PBXFileReference; fileEncoding = 4; lastKnownFileType = sourcecode.c.h; path = YYControl.h; sourceTree = "<group>"; };
		F92273AB1D4AF761003F11FE /* YYControl.m */ = {isa = PBXFileReference; fileEncoding = 4; lastKnownFileType = sourcecode.c.objc; path = YYControl.m; sourceTree = "<group>"; };
		F92273AC1D4AF761003F11FE /* YYPhotoGroupView.h */ = {isa = PBXFileReference; fileEncoding = 4; lastKnownFileType = sourcecode.c.h; path = YYPhotoGroupView.h; sourceTree = "<group>"; };
		F92273AD1D4AF761003F11FE /* YYPhotoGroupView.m */ = {isa = PBXFileReference; fileEncoding = 4; lastKnownFileType = sourcecode.c.objc; path = YYPhotoGroupView.m; sourceTree = "<group>"; };
		F92273B01D4AF840003F11FE /* SOAuthenticationView.h */ = {isa = PBXFileReference; fileEncoding = 4; lastKnownFileType = sourcecode.c.h; path = SOAuthenticationView.h; sourceTree = "<group>"; };
		F92273B11D4AF841003F11FE /* SOAuthenticationView.m */ = {isa = PBXFileReference; fileEncoding = 4; lastKnownFileType = sourcecode.c.objc; path = SOAuthenticationView.m; sourceTree = "<group>"; };
		F92273B21D4AF841003F11FE /* SOCategoryButton.h */ = {isa = PBXFileReference; fileEncoding = 4; lastKnownFileType = sourcecode.c.h; path = SOCategoryButton.h; sourceTree = "<group>"; };
		F92273B31D4AF841003F11FE /* SOCategoryButton.m */ = {isa = PBXFileReference; fileEncoding = 4; lastKnownFileType = sourcecode.c.objc; path = SOCategoryButton.m; sourceTree = "<group>"; };
		F92273B61D4AFC0D003F11FE /* SODynamicViewController.m */ = {isa = PBXFileReference; fileEncoding = 4; lastKnownFileType = sourcecode.c.objc; path = SODynamicViewController.m; sourceTree = "<group>"; };
		F92273BD1D4AFC0D003F11FE /* SODynamicManager.h */ = {isa = PBXFileReference; fileEncoding = 4; lastKnownFileType = sourcecode.c.h; path = SODynamicManager.h; sourceTree = "<group>"; };
		F92273BE1D4AFC0D003F11FE /* SODynamicManager.m */ = {isa = PBXFileReference; fileEncoding = 4; lastKnownFileType = sourcecode.c.objc; path = SODynamicManager.m; sourceTree = "<group>"; };
		F92273BF1D4AFC0D003F11FE /* SODynamicObject.h */ = {isa = PBXFileReference; fileEncoding = 4; lastKnownFileType = sourcecode.c.h; path = SODynamicObject.h; sourceTree = "<group>"; };
		F92273C01D4AFC0D003F11FE /* SODynamicObject.m */ = {isa = PBXFileReference; fileEncoding = 4; lastKnownFileType = sourcecode.c.objc; path = SODynamicObject.m; sourceTree = "<group>"; };
		F92273C11D4AFC0D003F11FE /* SODynamicViewController.h */ = {isa = PBXFileReference; fileEncoding = 4; lastKnownFileType = sourcecode.c.h; path = SODynamicViewController.h; sourceTree = "<group>"; };
		F92273C21D4AFC0D003F11FE /* SODynamicViewController.xib */ = {isa = PBXFileReference; fileEncoding = 4; lastKnownFileType = file.xib; path = SODynamicViewController.xib; sourceTree = "<group>"; };
		F92273C31D4AFC0D003F11FE /* SOExtendTableViewCell.h */ = {isa = PBXFileReference; fileEncoding = 4; lastKnownFileType = sourcecode.c.h; path = SOExtendTableViewCell.h; sourceTree = "<group>"; };
		F92273C41D4AFC0D003F11FE /* SOExtendTableViewCell.m */ = {isa = PBXFileReference; fileEncoding = 4; lastKnownFileType = sourcecode.c.objc; path = SOExtendTableViewCell.m; sourceTree = "<group>"; };
		F92273C51D4AFC0D003F11FE /* SOExtendTableViewCell.xib */ = {isa = PBXFileReference; fileEncoding = 4; lastKnownFileType = file.xib; path = SOExtendTableViewCell.xib; sourceTree = "<group>"; };
		F92273C61D4AFC0D003F11FE /* SOMainPageConst.h */ = {isa = PBXFileReference; fileEncoding = 4; lastKnownFileType = sourcecode.c.h; path = SOMainPageConst.h; sourceTree = "<group>"; };
		F92273C71D4AFC0D003F11FE /* SONewFriendTableViewCell.h */ = {isa = PBXFileReference; fileEncoding = 4; lastKnownFileType = sourcecode.c.h; path = SONewFriendTableViewCell.h; sourceTree = "<group>"; };
		F92273C81D4AFC0D003F11FE /* SONewFriendTableViewCell.m */ = {isa = PBXFileReference; fileEncoding = 4; lastKnownFileType = sourcecode.c.objc; path = SONewFriendTableViewCell.m; sourceTree = "<group>"; };
		F92273C91D4AFC0D003F11FE /* SONewFriendTableViewCell.xib */ = {isa = PBXFileReference; fileEncoding = 4; lastKnownFileType = file.xib; path = SONewFriendTableViewCell.xib; sourceTree = "<group>"; };
		F92273D91D4AFC62003F11FE /* SORecommendTableViewCell.h */ = {isa = PBXFileReference; fileEncoding = 4; lastKnownFileType = sourcecode.c.h; path = SORecommendTableViewCell.h; sourceTree = "<group>"; };
		F92273DA1D4AFC62003F11FE /* SORecommendTableViewCell.m */ = {isa = PBXFileReference; fileEncoding = 4; lastKnownFileType = sourcecode.c.objc; path = SORecommendTableViewCell.m; sourceTree = "<group>"; };
		F92273DB1D4AFC62003F11FE /* SORecommendTableViewCell.xib */ = {isa = PBXFileReference; fileEncoding = 4; lastKnownFileType = file.xib; path = SORecommendTableViewCell.xib; sourceTree = "<group>"; };
		F92273E01D4AFDC2003F11FE /* SOMainPageTableViewCell.h */ = {isa = PBXFileReference; fileEncoding = 4; lastKnownFileType = sourcecode.c.h; path = SOMainPageTableViewCell.h; sourceTree = "<group>"; };
		F92273E11D4AFDC2003F11FE /* SOMainPageTableViewCell.m */ = {isa = PBXFileReference; fileEncoding = 4; lastKnownFileType = sourcecode.c.objc; path = SOMainPageTableViewCell.m; sourceTree = "<group>"; };
		F92273E21D4AFDC2003F11FE /* SOMainPageTableViewCell.xib */ = {isa = PBXFileReference; fileEncoding = 4; lastKnownFileType = file.xib; path = SOMainPageTableViewCell.xib; sourceTree = "<group>"; };
		F92273E61D4B003C003F11FE /* SDBrowserImageView.h */ = {isa = PBXFileReference; fileEncoding = 4; lastKnownFileType = sourcecode.c.h; path = SDBrowserImageView.h; sourceTree = "<group>"; };
		F92273E71D4B003C003F11FE /* SDBrowserImageView.m */ = {isa = PBXFileReference; fileEncoding = 4; lastKnownFileType = sourcecode.c.objc; path = SDBrowserImageView.m; sourceTree = "<group>"; };
		F92273E81D4B003C003F11FE /* SDPhotoBrowser.h */ = {isa = PBXFileReference; fileEncoding = 4; lastKnownFileType = sourcecode.c.h; path = SDPhotoBrowser.h; sourceTree = "<group>"; };
		F92273E91D4B003C003F11FE /* SDPhotoBrowser.m */ = {isa = PBXFileReference; fileEncoding = 4; lastKnownFileType = sourcecode.c.objc; path = SDPhotoBrowser.m; sourceTree = "<group>"; };
		F92273EA1D4B003C003F11FE /* SDPhotoBrowserConfig.h */ = {isa = PBXFileReference; fileEncoding = 4; lastKnownFileType = sourcecode.c.h; path = SDPhotoBrowserConfig.h; sourceTree = "<group>"; };
		F92273EB1D4B003C003F11FE /* SDPhotoGroup.h */ = {isa = PBXFileReference; fileEncoding = 4; lastKnownFileType = sourcecode.c.h; path = SDPhotoGroup.h; sourceTree = "<group>"; };
		F92273EC1D4B003C003F11FE /* SDPhotoGroup.m */ = {isa = PBXFileReference; fileEncoding = 4; lastKnownFileType = sourcecode.c.objc; path = SDPhotoGroup.m; sourceTree = "<group>"; };
		F92273ED1D4B003C003F11FE /* SDPhotoItem.h */ = {isa = PBXFileReference; fileEncoding = 4; lastKnownFileType = sourcecode.c.h; path = SDPhotoItem.h; sourceTree = "<group>"; };
		F92273EE1D4B003C003F11FE /* SDPhotoItem.m */ = {isa = PBXFileReference; fileEncoding = 4; lastKnownFileType = sourcecode.c.objc; path = SDPhotoItem.m; sourceTree = "<group>"; };
		F92273EF1D4B003C003F11FE /* SDWaitingView.h */ = {isa = PBXFileReference; fileEncoding = 4; lastKnownFileType = sourcecode.c.h; path = SDWaitingView.h; sourceTree = "<group>"; };
		F92273F01D4B003C003F11FE /* SDWaitingView.m */ = {isa = PBXFileReference; fileEncoding = 4; lastKnownFileType = sourcecode.c.objc; path = SDWaitingView.m; sourceTree = "<group>"; };
		F92273F71D4B0067003F11FE /* CTTextDisplayView.h */ = {isa = PBXFileReference; fileEncoding = 4; lastKnownFileType = sourcecode.c.h; path = CTTextDisplayView.h; sourceTree = "<group>"; };
		F92273F81D4B0067003F11FE /* CTTextDisplayView.m */ = {isa = PBXFileReference; fileEncoding = 4; lastKnownFileType = sourcecode.c.objc; path = CTTextDisplayView.m; sourceTree = "<group>"; };
		F92273F91D4B0067003F11FE /* CTTextEmojiUtil.h */ = {isa = PBXFileReference; fileEncoding = 4; lastKnownFileType = sourcecode.c.h; path = CTTextEmojiUtil.h; sourceTree = "<group>"; };
		F92273FA1D4B0067003F11FE /* CTTextEmojiUtil.m */ = {isa = PBXFileReference; fileEncoding = 4; lastKnownFileType = sourcecode.c.objc; path = CTTextEmojiUtil.m; sourceTree = "<group>"; };
		F92273FB1D4B0067003F11FE /* CTTextRun.h */ = {isa = PBXFileReference; fileEncoding = 4; lastKnownFileType = sourcecode.c.h; path = CTTextRun.h; sourceTree = "<group>"; };
		F92273FC1D4B0067003F11FE /* CTTextRun.m */ = {isa = PBXFileReference; fileEncoding = 4; lastKnownFileType = sourcecode.c.objc; path = CTTextRun.m; sourceTree = "<group>"; };
		F92273FD1D4B0067003F11FE /* CTTextStyleModel.h */ = {isa = PBXFileReference; fileEncoding = 4; lastKnownFileType = sourcecode.c.h; path = CTTextStyleModel.h; sourceTree = "<group>"; };
		F92273FE1D4B0067003F11FE /* CTTextStyleModel.m */ = {isa = PBXFileReference; fileEncoding = 4; lastKnownFileType = sourcecode.c.objc; path = CTTextStyleModel.m; sourceTree = "<group>"; };
		F92274001D4B0067003F11FE /* d_aini@2x.png */ = {isa = PBXFileReference; lastKnownFileType = image.png; path = "d_aini@2x.png"; sourceTree = "<group>"; };
		F92274011D4B0067003F11FE /* d_aini@3x.png */ = {isa = PBXFileReference; lastKnownFileType = image.png; path = "d_aini@3x.png"; sourceTree = "<group>"; };
		F92274021D4B0067003F11FE /* d_baibai@2x.png */ = {isa = PBXFileReference; lastKnownFileType = image.png; path = "d_baibai@2x.png"; sourceTree = "<group>"; };
		F92274031D4B0067003F11FE /* d_baibai@3x.png */ = {isa = PBXFileReference; lastKnownFileType = image.png; path = "d_baibai@3x.png"; sourceTree = "<group>"; };
		F92274041D4B0067003F11FE /* d_beishang@2x.png */ = {isa = PBXFileReference; lastKnownFileType = image.png; path = "d_beishang@2x.png"; sourceTree = "<group>"; };
		F92274051D4B0067003F11FE /* d_beishang@3x.png */ = {isa = PBXFileReference; lastKnownFileType = image.png; path = "d_beishang@3x.png"; sourceTree = "<group>"; };
		F92274061D4B0067003F11FE /* d_bishi@2x.png */ = {isa = PBXFileReference; lastKnownFileType = image.png; path = "d_bishi@2x.png"; sourceTree = "<group>"; };
		F92274071D4B0067003F11FE /* d_bishi@3x.png */ = {isa = PBXFileReference; lastKnownFileType = image.png; path = "d_bishi@3x.png"; sourceTree = "<group>"; };
		F92274081D4B0067003F11FE /* d_bizui@2x.png */ = {isa = PBXFileReference; lastKnownFileType = image.png; path = "d_bizui@2x.png"; sourceTree = "<group>"; };
		F92274091D4B0067003F11FE /* d_bizui@3x.png */ = {isa = PBXFileReference; lastKnownFileType = image.png; path = "d_bizui@3x.png"; sourceTree = "<group>"; };
		F922740A1D4B0067003F11FE /* d_chanzui@2x.png */ = {isa = PBXFileReference; lastKnownFileType = image.png; path = "d_chanzui@2x.png"; sourceTree = "<group>"; };
		F922740B1D4B0067003F11FE /* d_chanzui@3x.png */ = {isa = PBXFileReference; lastKnownFileType = image.png; path = "d_chanzui@3x.png"; sourceTree = "<group>"; };
		F922740C1D4B0067003F11FE /* d_chijing@2x.png */ = {isa = PBXFileReference; lastKnownFileType = image.png; path = "d_chijing@2x.png"; sourceTree = "<group>"; };
		F922740D1D4B0067003F11FE /* d_chijing@3x.png */ = {isa = PBXFileReference; lastKnownFileType = image.png; path = "d_chijing@3x.png"; sourceTree = "<group>"; };
		F922740E1D4B0067003F11FE /* d_dahaqi@2x.png */ = {isa = PBXFileReference; lastKnownFileType = image.png; path = "d_dahaqi@2x.png"; sourceTree = "<group>"; };
		F922740F1D4B0067003F11FE /* d_dahaqi@3x.png */ = {isa = PBXFileReference; lastKnownFileType = image.png; path = "d_dahaqi@3x.png"; sourceTree = "<group>"; };
		F92274101D4B0067003F11FE /* d_dalian@2x.png */ = {isa = PBXFileReference; lastKnownFileType = image.png; path = "d_dalian@2x.png"; sourceTree = "<group>"; };
		F92274111D4B0067003F11FE /* d_dalian@3x.png */ = {isa = PBXFileReference; lastKnownFileType = image.png; path = "d_dalian@3x.png"; sourceTree = "<group>"; };
		F92274121D4B0067003F11FE /* d_ganmao@2x.png */ = {isa = PBXFileReference; lastKnownFileType = image.png; path = "d_ganmao@2x.png"; sourceTree = "<group>"; };
		F92274131D4B0067003F11FE /* d_ganmao@3x.png */ = {isa = PBXFileReference; lastKnownFileType = image.png; path = "d_ganmao@3x.png"; sourceTree = "<group>"; };
		F92274141D4B0067003F11FE /* d_guzhang@2x.png */ = {isa = PBXFileReference; lastKnownFileType = image.png; path = "d_guzhang@2x.png"; sourceTree = "<group>"; };
		F92274151D4B0067003F11FE /* d_guzhang@3x.png */ = {isa = PBXFileReference; lastKnownFileType = image.png; path = "d_guzhang@3x.png"; sourceTree = "<group>"; };
		F92274161D4B0067003F11FE /* d_haha@2x.png */ = {isa = PBXFileReference; lastKnownFileType = image.png; path = "d_haha@2x.png"; sourceTree = "<group>"; };
		F92274171D4B0067003F11FE /* d_haixiu@2x.png */ = {isa = PBXFileReference; lastKnownFileType = image.png; path = "d_haixiu@2x.png"; sourceTree = "<group>"; };
		F92274181D4B0067003F11FE /* d_haixiu@3x.png */ = {isa = PBXFileReference; lastKnownFileType = image.png; path = "d_haixiu@3x.png"; sourceTree = "<group>"; };
		F92274191D4B0067003F11FE /* d_han@2x.png */ = {isa = PBXFileReference; lastKnownFileType = image.png; path = "d_han@2x.png"; sourceTree = "<group>"; };
		F922741A1D4B0067003F11FE /* d_han@3x.png */ = {isa = PBXFileReference; lastKnownFileType = image.png; path = "d_han@3x.png"; sourceTree = "<group>"; };
		F922741B1D4B0067003F11FE /* d_hehe@2x.png */ = {isa = PBXFileReference; lastKnownFileType = image.png; path = "d_hehe@2x.png"; sourceTree = "<group>"; };
		F922741C1D4B0067003F11FE /* d_hehe@3x.png */ = {isa = PBXFileReference; lastKnownFileType = image.png; path = "d_hehe@3x.png"; sourceTree = "<group>"; };
		F922741D1D4B0067003F11FE /* d_heixian@2x.png */ = {isa = PBXFileReference; lastKnownFileType = image.png; path = "d_heixian@2x.png"; sourceTree = "<group>"; };
		F922741E1D4B0067003F11FE /* d_heixian@3x.png */ = {isa = PBXFileReference; lastKnownFileType = image.png; path = "d_heixian@3x.png"; sourceTree = "<group>"; };
		F922741F1D4B0067003F11FE /* d_heng@2x.png */ = {isa = PBXFileReference; lastKnownFileType = image.png; path = "d_heng@2x.png"; sourceTree = "<group>"; };
		F92274201D4B0067003F11FE /* d_heng@3x.png */ = {isa = PBXFileReference; lastKnownFileType = image.png; path = "d_heng@3x.png"; sourceTree = "<group>"; };
		F92274211D4B0067003F11FE /* d_huaxin@2x.png */ = {isa = PBXFileReference; lastKnownFileType = image.png; path = "d_huaxin@2x.png"; sourceTree = "<group>"; };
		F92274221D4B0067003F11FE /* d_huaxin@3x.png */ = {isa = PBXFileReference; lastKnownFileType = image.png; path = "d_huaxin@3x.png"; sourceTree = "<group>"; };
		F92274231D4B0067003F11FE /* d_jiyan@2x.png */ = {isa = PBXFileReference; lastKnownFileType = image.png; path = "d_jiyan@2x.png"; sourceTree = "<group>"; };
		F92274241D4B0067003F11FE /* d_jiyan@3x.png */ = {isa = PBXFileReference; lastKnownFileType = image.png; path = "d_jiyan@3x.png"; sourceTree = "<group>"; };
		F92274251D4B0067003F11FE /* d_keai@2x.png */ = {isa = PBXFileReference; lastKnownFileType = image.png; path = "d_keai@2x.png"; sourceTree = "<group>"; };
		F92274261D4B0067003F11FE /* d_keai@3x.png */ = {isa = PBXFileReference; lastKnownFileType = image.png; path = "d_keai@3x.png"; sourceTree = "<group>"; };
		F92274271D4B0067003F11FE /* d_kelian@2x.png */ = {isa = PBXFileReference; lastKnownFileType = image.png; path = "d_kelian@2x.png"; sourceTree = "<group>"; };
		F92274281D4B0067003F11FE /* d_kelian@3x.png */ = {isa = PBXFileReference; lastKnownFileType = image.png; path = "d_kelian@3x.png"; sourceTree = "<group>"; };
		F92274291D4B0067003F11FE /* d_ku@2x.png */ = {isa = PBXFileReference; lastKnownFileType = image.png; path = "d_ku@2x.png"; sourceTree = "<group>"; };
		F922742A1D4B0067003F11FE /* d_ku@3x.png */ = {isa = PBXFileReference; lastKnownFileType = image.png; path = "d_ku@3x.png"; sourceTree = "<group>"; };
		F922742B1D4B0067003F11FE /* d_kun@2x.png */ = {isa = PBXFileReference; lastKnownFileType = image.png; path = "d_kun@2x.png"; sourceTree = "<group>"; };
		F922742C1D4B0067003F11FE /* d_kun@3x.png */ = {isa = PBXFileReference; lastKnownFileType = image.png; path = "d_kun@3x.png"; sourceTree = "<group>"; };
		F922742D1D4B0067003F11FE /* d_landelini@2x.png */ = {isa = PBXFileReference; lastKnownFileType = image.png; path = "d_landelini@2x.png"; sourceTree = "<group>"; };
		F922742E1D4B0067003F11FE /* d_landelini@3x.png */ = {isa = PBXFileReference; lastKnownFileType = image.png; path = "d_landelini@3x.png"; sourceTree = "<group>"; };
		F92274301D4B0067003F11FE /* emoji.plist */ = {isa = PBXFileReference; fileEncoding = 4; lastKnownFileType = text.plist.xml; path = emoji.plist; sourceTree = "<group>"; };
		F92274321D4B0067003F11FE /* hyperlink@2x.png */ = {isa = PBXFileReference; lastKnownFileType = image.png; path = "hyperlink@2x.png"; sourceTree = "<group>"; };
		F92274331D4B0067003F11FE /* hyperlink@3x.png */ = {isa = PBXFileReference; lastKnownFileType = image.png; path = "hyperlink@3x.png"; sourceTree = "<group>"; };
		F92274341D4B0067003F11FE /* photo@2x.png */ = {isa = PBXFileReference; lastKnownFileType = image.png; path = "photo@2x.png"; sourceTree = "<group>"; };
		F92274351D4B0067003F11FE /* photo@3x.png */ = {isa = PBXFileReference; lastKnownFileType = image.png; path = "photo@3x.png"; sourceTree = "<group>"; };
		F92274361D4B0067003F11FE /* video@2x.png */ = {isa = PBXFileReference; lastKnownFileType = image.png; path = "video@2x.png"; sourceTree = "<group>"; };
		F92274371D4B0067003F11FE /* video@3x.png */ = {isa = PBXFileReference; lastKnownFileType = image.png; path = "video@3x.png"; sourceTree = "<group>"; };
		F92722731D23AD5D00B50C93 /* SOLoginNextViewController.h */ = {isa = PBXFileReference; fileEncoding = 4; lastKnownFileType = sourcecode.c.h; path = SOLoginNextViewController.h; sourceTree = "<group>"; };
		F92722741D23AD5D00B50C93 /* SOLoginNextViewController.m */ = {isa = PBXFileReference; fileEncoding = 4; lastKnownFileType = sourcecode.c.objc; path = SOLoginNextViewController.m; sourceTree = "<group>"; };
		F92722751D23AD5D00B50C93 /* SOLoginNextViewController.xib */ = {isa = PBXFileReference; fileEncoding = 4; lastKnownFileType = file.xib; path = SOLoginNextViewController.xib; sourceTree = "<group>"; };
		F92722781D23AD7F00B50C93 /* SORegisterViewController.h */ = {isa = PBXFileReference; fileEncoding = 4; lastKnownFileType = sourcecode.c.h; path = SORegisterViewController.h; sourceTree = "<group>"; };
		F92722791D23AD7F00B50C93 /* SORegisterViewController.m */ = {isa = PBXFileReference; fileEncoding = 4; lastKnownFileType = sourcecode.c.objc; path = SORegisterViewController.m; sourceTree = "<group>"; };
		F927227A1D23AD7F00B50C93 /* SORegisterViewController.xib */ = {isa = PBXFileReference; fileEncoding = 4; lastKnownFileType = file.xib; path = SORegisterViewController.xib; sourceTree = "<group>"; };
		F932BF281D226B08005311C0 /* SOBaseNavigationViewController.h */ = {isa = PBXFileReference; fileEncoding = 4; lastKnownFileType = sourcecode.c.h; path = SOBaseNavigationViewController.h; sourceTree = "<group>"; };
		F932BF291D226B08005311C0 /* SOBaseNavigationViewController.m */ = {isa = PBXFileReference; fileEncoding = 4; lastKnownFileType = sourcecode.c.objc; path = SOBaseNavigationViewController.m; sourceTree = "<group>"; };
		F9559BB21D499F5600BF6BC8 /* SOChatViewController.h */ = {isa = PBXFileReference; fileEncoding = 4; lastKnownFileType = sourcecode.c.h; path = SOChatViewController.h; sourceTree = "<group>"; };
		F9559BB31D499F5600BF6BC8 /* SOChatViewController.m */ = {isa = PBXFileReference; fileEncoding = 4; lastKnownFileType = sourcecode.c.objc; path = SOChatViewController.m; sourceTree = "<group>"; };
		F9559BB41D499F5600BF6BC8 /* SOChatViewController.xib */ = {isa = PBXFileReference; fileEncoding = 4; lastKnownFileType = file.xib; path = SOChatViewController.xib; sourceTree = "<group>"; };
		F9559BB71D49AFFA00BF6BC8 /* SOEaseMobManager.h */ = {isa = PBXFileReference; fileEncoding = 4; lastKnownFileType = sourcecode.c.h; path = SOEaseMobManager.h; sourceTree = "<group>"; };
		F9559BB81D49AFFA00BF6BC8 /* SOEaseMobManager.m */ = {isa = PBXFileReference; fileEncoding = 4; lastKnownFileType = sourcecode.c.objc; path = SOEaseMobManager.m; sourceTree = "<group>"; };
		F9559BBD1D49DF1200BF6BC8 /* SOCreateGroupViewController.h */ = {isa = PBXFileReference; fileEncoding = 4; lastKnownFileType = sourcecode.c.h; path = SOCreateGroupViewController.h; sourceTree = "<group>"; };
		F9559BBE1D49DF1200BF6BC8 /* SOCreateGroupViewController.m */ = {isa = PBXFileReference; fileEncoding = 4; lastKnownFileType = sourcecode.c.objc; path = SOCreateGroupViewController.m; sourceTree = "<group>"; };
		F9559BC21D49E0C700BF6BC8 /* SOGroupDetailViewController.h */ = {isa = PBXFileReference; fileEncoding = 4; lastKnownFileType = sourcecode.c.h; path = SOGroupDetailViewController.h; sourceTree = "<group>"; };
		F9559BC31D49E0C700BF6BC8 /* SOGroupDetailViewController.m */ = {isa = PBXFileReference; fileEncoding = 4; lastKnownFileType = sourcecode.c.objc; path = SOGroupDetailViewController.m; sourceTree = "<group>"; };
		F9559BC41D49E0C700BF6BC8 /* SOGroupDetailViewController.xib */ = {isa = PBXFileReference; fileEncoding = 4; lastKnownFileType = file.xib; path = SOGroupDetailViewController.xib; sourceTree = "<group>"; };
		F9559BC71D49E29100BF6BC8 /* SOChatListViewController.h */ = {isa = PBXFileReference; fileEncoding = 4; lastKnownFileType = sourcecode.c.h; path = SOChatListViewController.h; sourceTree = "<group>"; };
		F9559BC81D49E29100BF6BC8 /* SOChatListViewController.m */ = {isa = PBXFileReference; fileEncoding = 4; lastKnownFileType = sourcecode.c.objc; path = SOChatListViewController.m; sourceTree = "<group>"; };
		F9559BC91D49E29100BF6BC8 /* SOChatListViewController.xib */ = {isa = PBXFileReference; fileEncoding = 4; lastKnownFileType = file.xib; path = SOChatListViewController.xib; sourceTree = "<group>"; };
		F9559BCC1D4A004A00BF6BC8 /* SOAlertView.h */ = {isa = PBXFileReference; fileEncoding = 4; lastKnownFileType = sourcecode.c.h; path = SOAlertView.h; sourceTree = "<group>"; };
		F9559BCD1D4A004A00BF6BC8 /* SOAlertView.m */ = {isa = PBXFileReference; fileEncoding = 4; lastKnownFileType = sourcecode.c.objc; path = SOAlertView.m; sourceTree = "<group>"; };
		F9559BCE1D4A004A00BF6BC8 /* SOEmptyDataView.h */ = {isa = PBXFileReference; fileEncoding = 4; lastKnownFileType = sourcecode.c.h; path = SOEmptyDataView.h; sourceTree = "<group>"; };
		F9559BCF1D4A004A00BF6BC8 /* SOEmptyDataView.m */ = {isa = PBXFileReference; fileEncoding = 4; lastKnownFileType = sourcecode.c.objc; path = SOEmptyDataView.m; sourceTree = "<group>"; };
		F9559BD01D4A004A00BF6BC8 /* SONoticeView.h */ = {isa = PBXFileReference; fileEncoding = 4; lastKnownFileType = sourcecode.c.h; path = SONoticeView.h; sourceTree = "<group>"; };
		F9559BD11D4A004A00BF6BC8 /* SONoticeView.m */ = {isa = PBXFileReference; fileEncoding = 4; lastKnownFileType = sourcecode.c.objc; path = SONoticeView.m; sourceTree = "<group>"; };
		F9559BD21D4A004A00BF6BC8 /* SOProgressHUD.h */ = {isa = PBXFileReference; fileEncoding = 4; lastKnownFileType = sourcecode.c.h; path = SOProgressHUD.h; sourceTree = "<group>"; };
		F9559BD31D4A004A00BF6BC8 /* SOProgressHUD.m */ = {isa = PBXFileReference; fileEncoding = 4; lastKnownFileType = sourcecode.c.objc; path = SOProgressHUD.m; sourceTree = "<group>"; };
		F9559BD41D4A004A00BF6BC8 /* SOSearchBar.h */ = {isa = PBXFileReference; fileEncoding = 4; lastKnownFileType = sourcecode.c.h; path = SOSearchBar.h; sourceTree = "<group>"; };
		F9559BD51D4A004A00BF6BC8 /* SOSearchBar.m */ = {isa = PBXFileReference; fileEncoding = 4; lastKnownFileType = sourcecode.c.objc; path = SOSearchBar.m; sourceTree = "<group>"; };
		F9559BD61D4A004A00BF6BC8 /* SOUserHeaderView.h */ = {isa = PBXFileReference; fileEncoding = 4; lastKnownFileType = sourcecode.c.h; path = SOUserHeaderView.h; sourceTree = "<group>"; };
		F9559BD71D4A004A00BF6BC8 /* SOUserHeaderView.m */ = {isa = PBXFileReference; fileEncoding = 4; lastKnownFileType = sourcecode.c.objc; path = SOUserHeaderView.m; sourceTree = "<group>"; };
		F9559BDE1D4A005C00BF6BC8 /* SOTextView.h */ = {isa = PBXFileReference; fileEncoding = 4; lastKnownFileType = sourcecode.c.h; path = SOTextView.h; sourceTree = "<group>"; };
		F9559BDF1D4A005C00BF6BC8 /* SOTextView.m */ = {isa = PBXFileReference; fileEncoding = 4; lastKnownFileType = sourcecode.c.objc; path = SOTextView.m; sourceTree = "<group>"; };
		F978FB6E1D07F40A00FBC8BC /* SOBaseScrollViewController.h */ = {isa = PBXFileReference; fileEncoding = 4; lastKnownFileType = sourcecode.c.h; path = SOBaseScrollViewController.h; sourceTree = "<group>"; };
		F978FB6F1D07F40A00FBC8BC /* SOBaseScrollViewController.m */ = {isa = PBXFileReference; fileEncoding = 4; lastKnownFileType = sourcecode.c.objc; path = SOBaseScrollViewController.m; sourceTree = "<group>"; };
		F978FB721D07F75700FBC8BC /* SOAppDelegate.h */ = {isa = PBXFileReference; fileEncoding = 4; lastKnownFileType = sourcecode.c.h; path = SOAppDelegate.h; sourceTree = "<group>"; };
		F978FB731D07F75700FBC8BC /* SOAppDelegate.m */ = {isa = PBXFileReference; fileEncoding = 4; lastKnownFileType = sourcecode.c.objc; path = SOAppDelegate.m; sourceTree = "<group>"; };
		F978FB741D07F75700FBC8BC /* SORootViewController.h */ = {isa = PBXFileReference; fileEncoding = 4; lastKnownFileType = sourcecode.c.h; path = SORootViewController.h; sourceTree = "<group>"; };
		F978FB751D07F75700FBC8BC /* SORootViewController.m */ = {isa = PBXFileReference; fileEncoding = 4; lastKnownFileType = sourcecode.c.objc; path = SORootViewController.m; sourceTree = "<group>"; };
		F978FB7B1D07F84400FBC8BC /* SOLoginObject.h */ = {isa = PBXFileReference; fileEncoding = 4; lastKnownFileType = sourcecode.c.h; path = SOLoginObject.h; sourceTree = "<group>"; };
		F978FB7C1D07F84400FBC8BC /* SOLoginObject.m */ = {isa = PBXFileReference; fileEncoding = 4; lastKnownFileType = sourcecode.c.objc; path = SOLoginObject.m; sourceTree = "<group>"; };
		F978FB7E1D07F85200FBC8BC /* SOLoginManager.h */ = {isa = PBXFileReference; fileEncoding = 4; lastKnownFileType = sourcecode.c.h; path = SOLoginManager.h; sourceTree = "<group>"; };
		F978FB7F1D07F85200FBC8BC /* SOLoginManager.m */ = {isa = PBXFileReference; fileEncoding = 4; lastKnownFileType = sourcecode.c.objc; path = SOLoginManager.m; sourceTree = "<group>"; };
		F978FB8B1D0803A500FBC8BC /* UIView+HUD.h */ = {isa = PBXFileReference; fileEncoding = 4; lastKnownFileType = sourcecode.c.h; path = "UIView+HUD.h"; sourceTree = "<group>"; };
		F978FB8C1D0803A500FBC8BC /* UIView+HUD.m */ = {isa = PBXFileReference; fileEncoding = 4; lastKnownFileType = sourcecode.c.objc; path = "UIView+HUD.m"; sourceTree = "<group>"; };
		F978FB911D0804C000FBC8BC /* NSString+Extend.h */ = {isa = PBXFileReference; fileEncoding = 4; lastKnownFileType = sourcecode.c.h; path = "NSString+Extend.h"; sourceTree = "<group>"; };
		F978FB921D0804C000FBC8BC /* NSString+Extend.m */ = {isa = PBXFileReference; fileEncoding = 4; lastKnownFileType = sourcecode.c.objc; path = "NSString+Extend.m"; sourceTree = "<group>"; };
		F978FB971D08124D00FBC8BC /* NSObject+Extend.h */ = {isa = PBXFileReference; fileEncoding = 4; lastKnownFileType = sourcecode.c.h; path = "NSObject+Extend.h"; sourceTree = "<group>"; };
		F978FB981D08124D00FBC8BC /* NSObject+Extend.m */ = {isa = PBXFileReference; fileEncoding = 4; lastKnownFileType = sourcecode.c.objc; path = "NSObject+Extend.m"; sourceTree = "<group>"; };
		F9796DBC1D224FBD0079579E /* SOBaseView.h */ = {isa = PBXFileReference; fileEncoding = 4; lastKnownFileType = sourcecode.c.h; path = SOBaseView.h; sourceTree = "<group>"; };
		F9796DBD1D224FBD0079579E /* SOBaseView.m */ = {isa = PBXFileReference; fileEncoding = 4; lastKnownFileType = sourcecode.c.objc; path = SOBaseView.m; sourceTree = "<group>"; };
		F9796DBF1D2250440079579E /* SOAdvertisementView.h */ = {isa = PBXFileReference; fileEncoding = 4; lastKnownFileType = sourcecode.c.h; path = SOAdvertisementView.h; sourceTree = "<group>"; };
		F9796DC01D2250440079579E /* SOAdvertisementView.m */ = {isa = PBXFileReference; fileEncoding = 4; lastKnownFileType = sourcecode.c.objc; path = SOAdvertisementView.m; sourceTree = "<group>"; };
		F9A27D641D499BA100362FA0 /* SOMessageSegmentViewController.h */ = {isa = PBXFileReference; fileEncoding = 4; lastKnownFileType = sourcecode.c.h; path = SOMessageSegmentViewController.h; sourceTree = "<group>"; };
		F9A27D651D499BA100362FA0 /* SOMessageSegmentViewController.m */ = {isa = PBXFileReference; fileEncoding = 4; lastKnownFileType = sourcecode.c.objc; path = SOMessageSegmentViewController.m; sourceTree = "<group>"; };
		F9A2EF6C1CF2FED70054AE1C /* SOBaseTableViewCell.h */ = {isa = PBXFileReference; fileEncoding = 4; lastKnownFileType = sourcecode.c.h; path = SOBaseTableViewCell.h; sourceTree = "<group>"; };
		F9A2EF6D1CF2FED70054AE1C /* SOBaseTableViewCell.m */ = {isa = PBXFileReference; fileEncoding = 4; lastKnownFileType = sourcecode.c.objc; path = SOBaseTableViewCell.m; sourceTree = "<group>"; };
		F9A2EF6E1CF2FED70054AE1C /* SOBaseViewController.h */ = {isa = PBXFileReference; fileEncoding = 4; lastKnownFileType = sourcecode.c.h; path = SOBaseViewController.h; sourceTree = "<group>"; };
		F9A2EF6F1CF2FED70054AE1C /* SOBaseViewController.m */ = {isa = PBXFileReference; fileEncoding = 4; lastKnownFileType = sourcecode.c.objc; path = SOBaseViewController.m; sourceTree = "<group>"; };
		F9A2EF721CF309A00054AE1C /* SOLoginViewController.h */ = {isa = PBXFileReference; fileEncoding = 4; lastKnownFileType = sourcecode.c.h; path = SOLoginViewController.h; sourceTree = "<group>"; };
		F9A2EF731CF309A00054AE1C /* SOLoginViewController.m */ = {isa = PBXFileReference; fileEncoding = 4; lastKnownFileType = sourcecode.c.objc; path = SOLoginViewController.m; sourceTree = "<group>"; };
		F9A2EF741CF309A00054AE1C /* SOLoginViewController.xib */ = {isa = PBXFileReference; fileEncoding = 4; lastKnownFileType = file.xib; path = SOLoginViewController.xib; sourceTree = "<group>"; };
		F9A2EF771CF30A600054AE1C /* defineConst.h */ = {isa = PBXFileReference; lastKnownFileType = sourcecode.c.h; path = defineConst.h; sourceTree = "<group>"; };
		F9A2EF7C1CF30B7A0054AE1C /* SOGloble.h */ = {isa = PBXFileReference; fileEncoding = 4; lastKnownFileType = sourcecode.c.h; path = SOGloble.h; sourceTree = "<group>"; };
		F9A2EF7D1CF30B7A0054AE1C /* SOGloble.m */ = {isa = PBXFileReference; fileEncoding = 4; lastKnownFileType = sourcecode.c.objc; path = SOGloble.m; sourceTree = "<group>"; };
		F9A2EF7F1CF310A00054AE1C /* SOGuideView.h */ = {isa = PBXFileReference; fileEncoding = 4; lastKnownFileType = sourcecode.c.h; path = SOGuideView.h; sourceTree = "<group>"; };
		F9A2EF801CF310A00054AE1C /* SOGuideView.m */ = {isa = PBXFileReference; fileEncoding = 4; lastKnownFileType = sourcecode.c.objc; path = SOGuideView.m; sourceTree = "<group>"; };
		F9A2EF821CF3E4390054AE1C /* defineString.h */ = {isa = PBXFileReference; lastKnownFileType = sourcecode.c.h; path = defineString.h; sourceTree = "<group>"; };
		F9DB42791D48BDA8008D8E19 /* SOGroupViewController.h */ = {isa = PBXFileReference; fileEncoding = 4; lastKnownFileType = sourcecode.c.h; path = SOGroupViewController.h; sourceTree = "<group>"; };
		F9DB427A1D48BDA8008D8E19 /* SOGroupViewController.m */ = {isa = PBXFileReference; fileEncoding = 4; lastKnownFileType = sourcecode.c.objc; path = SOGroupViewController.m; sourceTree = "<group>"; };
		F9DB427B1D48BDA8008D8E19 /* SOGroupViewController.xib */ = {isa = PBXFileReference; fileEncoding = 4; lastKnownFileType = file.xib; path = SOGroupViewController.xib; sourceTree = "<group>"; };
		F9DE59AC1D2A404800CB4CAB /* SOTabbarViewController.h */ = {isa = PBXFileReference; fileEncoding = 4; lastKnownFileType = sourcecode.c.h; path = SOTabbarViewController.h; sourceTree = "<group>"; };
		F9DE59AD1D2A404800CB4CAB /* SOTabbarViewController.m */ = {isa = PBXFileReference; fileEncoding = 4; lastKnownFileType = sourcecode.c.objc; path = SOTabbarViewController.m; sourceTree = "<group>"; };
		F9DE59AE1D2A404800CB4CAB /* SOTabbarViewController.xib */ = {isa = PBXFileReference; fileEncoding = 4; lastKnownFileType = file.xib; path = SOTabbarViewController.xib; sourceTree = "<group>"; };
		F9DE59B41D2A471F00CB4CAB /* UIButton+Extend.h */ = {isa = PBXFileReference; fileEncoding = 4; lastKnownFileType = sourcecode.c.h; path = "UIButton+Extend.h"; sourceTree = "<group>"; };
		F9DE59B51D2A471F00CB4CAB /* UIButton+Extend.m */ = {isa = PBXFileReference; fileEncoding = 4; lastKnownFileType = sourcecode.c.objc; path = "UIButton+Extend.m"; sourceTree = "<group>"; };
		F9E3331F1D4715E900DD0C58 /* SONetWork.h */ = {isa = PBXFileReference; fileEncoding = 4; lastKnownFileType = sourcecode.c.h; path = SONetWork.h; sourceTree = "<group>"; };
		F9E333201D4715E900DD0C58 /* SONetWork.m */ = {isa = PBXFileReference; fileEncoding = 4; lastKnownFileType = sourcecode.c.objc; path = SONetWork.m; sourceTree = "<group>"; };
		F9E333221D47377D00DD0C58 /* SOEncryptionAlgorithm.h */ = {isa = PBXFileReference; fileEncoding = 4; lastKnownFileType = sourcecode.c.h; path = SOEncryptionAlgorithm.h; sourceTree = "<group>"; };
		F9E333231D47377D00DD0C58 /* SOEncryptionAlgorithm.m */ = {isa = PBXFileReference; fileEncoding = 4; lastKnownFileType = sourcecode.c.objc; path = SOEncryptionAlgorithm.m; sourceTree = "<group>"; };
		F9E333281D47666500DD0C58 /* UITableView+MJRefresh.h */ = {isa = PBXFileReference; fileEncoding = 4; lastKnownFileType = sourcecode.c.h; path = "UITableView+MJRefresh.h"; sourceTree = "<group>"; };
		F9E333291D47666500DD0C58 /* UITableView+MJRefresh.m */ = {isa = PBXFileReference; fileEncoding = 4; lastKnownFileType = sourcecode.c.objc; path = "UITableView+MJRefresh.m"; sourceTree = "<group>"; };
		F9FD01CA1D462ECB00A99825 /* SOBusinessViewController.h */ = {isa = PBXFileReference; fileEncoding = 4; lastKnownFileType = sourcecode.c.h; path = SOBusinessViewController.h; sourceTree = "<group>"; };
		F9FD01CB1D462ECB00A99825 /* SOBusinessViewController.m */ = {isa = PBXFileReference; fileEncoding = 4; lastKnownFileType = sourcecode.c.objc; path = SOBusinessViewController.m; sourceTree = "<group>"; };
		F9FD01CC1D462ECB00A99825 /* SOBusinessViewController.xib */ = {isa = PBXFileReference; fileEncoding = 4; lastKnownFileType = file.xib; path = SOBusinessViewController.xib; sourceTree = "<group>"; };
		F9FD01CF1D462EDB00A99825 /* SODiscoveryViewController.h */ = {isa = PBXFileReference; fileEncoding = 4; lastKnownFileType = sourcecode.c.h; path = SODiscoveryViewController.h; sourceTree = "<group>"; };
		F9FD01D01D462EDB00A99825 /* SODiscoveryViewController.m */ = {isa = PBXFileReference; fileEncoding = 4; lastKnownFileType = sourcecode.c.objc; path = SODiscoveryViewController.m; sourceTree = "<group>"; };
		F9FD01D11D462EDB00A99825 /* SODiscoveryViewController.xib */ = {isa = PBXFileReference; fileEncoding = 4; lastKnownFileType = file.xib; path = SODiscoveryViewController.xib; sourceTree = "<group>"; };
		F9FD01D41D462EEC00A99825 /* SOUserCenterViewController.h */ = {isa = PBXFileReference; fileEncoding = 4; lastKnownFileType = sourcecode.c.h; path = SOUserCenterViewController.h; sourceTree = "<group>"; };
		F9FD01D51D462EEC00A99825 /* SOUserCenterViewController.m */ = {isa = PBXFileReference; fileEncoding = 4; lastKnownFileType = sourcecode.c.objc; path = SOUserCenterViewController.m; sourceTree = "<group>"; };
		F9FD01D61D462EEC00A99825 /* SOUserCenterViewController.xib */ = {isa = PBXFileReference; fileEncoding = 4; lastKnownFileType = file.xib; path = SOUserCenterViewController.xib; sourceTree = "<group>"; };
		F9FDBEE91CEAFE5900056275 /* SuperOX.app */ = {isa = PBXFileReference; explicitFileType = wrapper.application; includeInIndex = 0; path = SuperOX.app; sourceTree = BUILT_PRODUCTS_DIR; };
		F9FDBEED1CEAFE5900056275 /* main.m */ = {isa = PBXFileReference; lastKnownFileType = sourcecode.c.objc; path = main.m; sourceTree = "<group>"; };
		F9FDBEF61CEAFE5900056275 /* Base */ = {isa = PBXFileReference; lastKnownFileType = file.storyboard; name = Base; path = Base.lproj/Main.storyboard; sourceTree = "<group>"; };
		F9FDBEF81CEAFE5900056275 /* Assets.xcassets */ = {isa = PBXFileReference; lastKnownFileType = folder.assetcatalog; path = Assets.xcassets; sourceTree = "<group>"; };
		F9FDBEFD1CEAFE5900056275 /* Info.plist */ = {isa = PBXFileReference; lastKnownFileType = text.plist.xml; path = Info.plist; sourceTree = "<group>"; };
		F9FDBF041CEB076100056275 /* PrefixHeader.pch */ = {isa = PBXFileReference; lastKnownFileType = sourcecode.c.h; path = PrefixHeader.pch; sourceTree = "<group>"; };
/* End PBXFileReference section */

/* Begin PBXFrameworksBuildPhase section */
		F9FDBEE61CEAFE5900056275 /* Frameworks */ = {
			isa = PBXFrameworksBuildPhase;
			buildActionMask = 2147483647;
			files = (
				18C07C6F2BB33C06E8B051EC /* libPods-SuperOX.a in Frameworks */,
			);
			runOnlyForDeploymentPostprocessing = 0;
		};
/* End PBXFrameworksBuildPhase section */

/* Begin PBXGroup section */
		1B754073629A68DF2C3416B9 /* Pods */ = {
			isa = PBXGroup;
			children = (
				438743E9E0FCA64206AA1BD4 /* Pods-SuperOX.debug.xcconfig */,
				D621B8E60C40F83A90A82CA2 /* Pods-SuperOX.release.xcconfig */,
				E81841C47950F5EEFB7AEDB7 /* Pods-SuperOX.debug_test.xcconfig */,
			);
			name = Pods;
			sourceTree = "<group>";
		};
		41C4EF7879621B3EBEA837F2 /* Frameworks */ = {
			isa = PBXGroup;
			children = (
				656C72F342B0FC97E28C7D5C /* libPods-SuperOX.a */,
			);
			name = Frameworks;
			sourceTree = "<group>";
		};
		F92273A91D4AF736003F11FE /* 视图 */ = {
			isa = PBXGroup;
			children = (
				F92273AA1D4AF761003F11FE /* YYControl.h */,
				F92273AB1D4AF761003F11FE /* YYControl.m */,
				F92273AC1D4AF761003F11FE /* YYPhotoGroupView.h */,
				F92273AD1D4AF761003F11FE /* YYPhotoGroupView.m */,
			);
			path = "视图";
			sourceTree = "<group>";
		};
		F92273E51D4B003C003F11FE /* SDPhotoBrowser */ = {
			isa = PBXGroup;
			children = (
				F92273E61D4B003C003F11FE /* SDBrowserImageView.h */,
				F92273E71D4B003C003F11FE /* SDBrowserImageView.m */,
				F92273E81D4B003C003F11FE /* SDPhotoBrowser.h */,
				F92273E91D4B003C003F11FE /* SDPhotoBrowser.m */,
				F92273EA1D4B003C003F11FE /* SDPhotoBrowserConfig.h */,
				F92273EB1D4B003C003F11FE /* SDPhotoGroup.h */,
				F92273EC1D4B003C003F11FE /* SDPhotoGroup.m */,
				F92273ED1D4B003C003F11FE /* SDPhotoItem.h */,
				F92273EE1D4B003C003F11FE /* SDPhotoItem.m */,
				F92273EF1D4B003C003F11FE /* SDWaitingView.h */,
				F92273F01D4B003C003F11FE /* SDWaitingView.m */,
			);
			path = SDPhotoBrowser;
			sourceTree = "<group>";
		};
		F92273F61D4B0067003F11FE /* CTTextDisplayView */ = {
			isa = PBXGroup;
			children = (
				F92273F71D4B0067003F11FE /* CTTextDisplayView.h */,
				F92273F81D4B0067003F11FE /* CTTextDisplayView.m */,
				F92273F91D4B0067003F11FE /* CTTextEmojiUtil.h */,
				F92273FA1D4B0067003F11FE /* CTTextEmojiUtil.m */,
				F92273FB1D4B0067003F11FE /* CTTextRun.h */,
				F92273FC1D4B0067003F11FE /* CTTextRun.m */,
				F92273FD1D4B0067003F11FE /* CTTextStyleModel.h */,
				F92273FE1D4B0067003F11FE /* CTTextStyleModel.m */,
				F92273FF1D4B0067003F11FE /* emoji */,
				F922742F1D4B0067003F11FE /* required */,
			);
			path = CTTextDisplayView;
			sourceTree = "<group>";
		};
		F92273FF1D4B0067003F11FE /* emoji */ = {
			isa = PBXGroup;
			children = (
				F92274001D4B0067003F11FE /* d_aini@2x.png */,
				F92274011D4B0067003F11FE /* d_aini@3x.png */,
				F92274021D4B0067003F11FE /* d_baibai@2x.png */,
				F92274031D4B0067003F11FE /* d_baibai@3x.png */,
				F92274041D4B0067003F11FE /* d_beishang@2x.png */,
				F92274051D4B0067003F11FE /* d_beishang@3x.png */,
				F92274061D4B0067003F11FE /* d_bishi@2x.png */,
				F92274071D4B0067003F11FE /* d_bishi@3x.png */,
				F92274081D4B0067003F11FE /* d_bizui@2x.png */,
				F92274091D4B0067003F11FE /* d_bizui@3x.png */,
				F922740A1D4B0067003F11FE /* d_chanzui@2x.png */,
				F922740B1D4B0067003F11FE /* d_chanzui@3x.png */,
				F922740C1D4B0067003F11FE /* d_chijing@2x.png */,
				F922740D1D4B0067003F11FE /* d_chijing@3x.png */,
				F922740E1D4B0067003F11FE /* d_dahaqi@2x.png */,
				F922740F1D4B0067003F11FE /* d_dahaqi@3x.png */,
				F92274101D4B0067003F11FE /* d_dalian@2x.png */,
				F92274111D4B0067003F11FE /* d_dalian@3x.png */,
				F92274121D4B0067003F11FE /* d_ganmao@2x.png */,
				F92274131D4B0067003F11FE /* d_ganmao@3x.png */,
				F92274141D4B0067003F11FE /* d_guzhang@2x.png */,
				F92274151D4B0067003F11FE /* d_guzhang@3x.png */,
				F92274161D4B0067003F11FE /* d_haha@2x.png */,
				F92274171D4B0067003F11FE /* d_haixiu@2x.png */,
				F92274181D4B0067003F11FE /* d_haixiu@3x.png */,
				F92274191D4B0067003F11FE /* d_han@2x.png */,
				F922741A1D4B0067003F11FE /* d_han@3x.png */,
				F922741B1D4B0067003F11FE /* d_hehe@2x.png */,
				F922741C1D4B0067003F11FE /* d_hehe@3x.png */,
				F922741D1D4B0067003F11FE /* d_heixian@2x.png */,
				F922741E1D4B0067003F11FE /* d_heixian@3x.png */,
				F922741F1D4B0067003F11FE /* d_heng@2x.png */,
				F92274201D4B0067003F11FE /* d_heng@3x.png */,
				F92274211D4B0067003F11FE /* d_huaxin@2x.png */,
				F92274221D4B0067003F11FE /* d_huaxin@3x.png */,
				F92274231D4B0067003F11FE /* d_jiyan@2x.png */,
				F92274241D4B0067003F11FE /* d_jiyan@3x.png */,
				F92274251D4B0067003F11FE /* d_keai@2x.png */,
				F92274261D4B0067003F11FE /* d_keai@3x.png */,
				F92274271D4B0067003F11FE /* d_kelian@2x.png */,
				F92274281D4B0067003F11FE /* d_kelian@3x.png */,
				F92274291D4B0067003F11FE /* d_ku@2x.png */,
				F922742A1D4B0067003F11FE /* d_ku@3x.png */,
				F922742B1D4B0067003F11FE /* d_kun@2x.png */,
				F922742C1D4B0067003F11FE /* d_kun@3x.png */,
				F922742D1D4B0067003F11FE /* d_landelini@2x.png */,
				F922742E1D4B0067003F11FE /* d_landelini@3x.png */,
			);
			path = emoji;
			sourceTree = "<group>";
		};
		F922742F1D4B0067003F11FE /* required */ = {
			isa = PBXGroup;
			children = (
				F92274301D4B0067003F11FE /* emoji.plist */,
				F92274311D4B0067003F11FE /* emojis */,
			);
			path = required;
			sourceTree = "<group>";
		};
		F92274311D4B0067003F11FE /* emojis */ = {
			isa = PBXGroup;
			children = (
				F92274321D4B0067003F11FE /* hyperlink@2x.png */,
				F92274331D4B0067003F11FE /* hyperlink@3x.png */,
				F92274341D4B0067003F11FE /* photo@2x.png */,
				F92274351D4B0067003F11FE /* photo@3x.png */,
				F92274361D4B0067003F11FE /* video@2x.png */,
				F92274371D4B0067003F11FE /* video@3x.png */,
			);
			path = emojis;
			sourceTree = "<group>";
		};
		F978FB711D07F75700FBC8BC /* 根视图 */ = {
			isa = PBXGroup;
			children = (
				F9DE59AC1D2A404800CB4CAB /* SOTabbarViewController.h */,
				F9DE59AD1D2A404800CB4CAB /* SOTabbarViewController.m */,
				F9DE59AE1D2A404800CB4CAB /* SOTabbarViewController.xib */,
				F978FB741D07F75700FBC8BC /* SORootViewController.h */,
				F978FB751D07F75700FBC8BC /* SORootViewController.m */,
				F978FB721D07F75700FBC8BC /* SOAppDelegate.h */,
				F978FB731D07F75700FBC8BC /* SOAppDelegate.m */,
			);
			path = "根视图";
			sourceTree = "<group>";
		};
		F9A2EF5B1CF2FD720054AE1C /* 动态 */ = {
			isa = PBXGroup;
			children = (
				F92273C61D4AFC0D003F11FE /* SOMainPageConst.h */,
				F92273BF1D4AFC0D003F11FE /* SODynamicObject.h */,
				F92273C01D4AFC0D003F11FE /* SODynamicObject.m */,
				F92273BD1D4AFC0D003F11FE /* SODynamicManager.h */,
				F92273BE1D4AFC0D003F11FE /* SODynamicManager.m */,
				F92273C11D4AFC0D003F11FE /* SODynamicViewController.h */,
				F92273B61D4AFC0D003F11FE /* SODynamicViewController.m */,
				F92273C21D4AFC0D003F11FE /* SODynamicViewController.xib */,
				F92273E01D4AFDC2003F11FE /* SOMainPageTableViewCell.h */,
				F92273E11D4AFDC2003F11FE /* SOMainPageTableViewCell.m */,
				F92273E21D4AFDC2003F11FE /* SOMainPageTableViewCell.xib */,
				F92273D91D4AFC62003F11FE /* SORecommendTableViewCell.h */,
				F92273DA1D4AFC62003F11FE /* SORecommendTableViewCell.m */,
				F92273DB1D4AFC62003F11FE /* SORecommendTableViewCell.xib */,
				F92273C31D4AFC0D003F11FE /* SOExtendTableViewCell.h */,
				F92273C41D4AFC0D003F11FE /* SOExtendTableViewCell.m */,
				F92273C51D4AFC0D003F11FE /* SOExtendTableViewCell.xib */,
				F92273C71D4AFC0D003F11FE /* SONewFriendTableViewCell.h */,
				F92273C81D4AFC0D003F11FE /* SONewFriendTableViewCell.m */,
				F92273C91D4AFC0D003F11FE /* SONewFriendTableViewCell.xib */,
			);
			path = "动态";
			sourceTree = "<group>";
		};
		F9A2EF5C1CF2FD720054AE1C /* 发现 */ = {
			isa = PBXGroup;
			children = (
				F92273A61D4AEB7B003F11FE /* SODiscoveryObject.h */,
				F92273A71D4AEB7B003F11FE /* SODiscoveryObject.m */,
				F9FD01CF1D462EDB00A99825 /* SODiscoveryViewController.h */,
				F9FD01D01D462EDB00A99825 /* SODiscoveryViewController.m */,
				F9FD01D11D462EDB00A99825 /* SODiscoveryViewController.xib */,
			);
			path = "发现";
			sourceTree = "<group>";
		};
		F9A2EF5D1CF2FD720054AE1C /* 我的 */ = {
			isa = PBXGroup;
			children = (
				F9FD01D41D462EEC00A99825 /* SOUserCenterViewController.h */,
				F9FD01D51D462EEC00A99825 /* SOUserCenterViewController.m */,
				F9FD01D61D462EEC00A99825 /* SOUserCenterViewController.xib */,
			);
			path = "我的";
			sourceTree = "<group>";
		};
		F9A2EF5E1CF2FD720054AE1C /* 业务 */ = {
			isa = PBXGroup;
			children = (
				F92273A01D4AE9CA003F11FE /* SOBusinessObject.h */,
				F92273A11D4AE9CA003F11FE /* SOBusinessObject.m */,
				F9FD01CA1D462ECB00A99825 /* SOBusinessViewController.h */,
				F9FD01CB1D462ECB00A99825 /* SOBusinessViewController.m */,
				F9FD01CC1D462ECB00A99825 /* SOBusinessViewController.xib */,
			);
			path = "业务";
			sourceTree = "<group>";
		};
		F9A2EF5F1CF2FDF00054AE1C /* 登录 */ = {
			isa = PBXGroup;
			children = (
				F978FB7B1D07F84400FBC8BC /* SOLoginObject.h */,
				F978FB7C1D07F84400FBC8BC /* SOLoginObject.m */,
				F978FB7E1D07F85200FBC8BC /* SOLoginManager.h */,
				F978FB7F1D07F85200FBC8BC /* SOLoginManager.m */,
				F9A2EF721CF309A00054AE1C /* SOLoginViewController.h */,
				F9A2EF731CF309A00054AE1C /* SOLoginViewController.m */,
				F9A2EF741CF309A00054AE1C /* SOLoginViewController.xib */,
				F92722731D23AD5D00B50C93 /* SOLoginNextViewController.h */,
				F92722741D23AD5D00B50C93 /* SOLoginNextViewController.m */,
				F92722751D23AD5D00B50C93 /* SOLoginNextViewController.xib */,
				F92722781D23AD7F00B50C93 /* SORegisterViewController.h */,
				F92722791D23AD7F00B50C93 /* SORegisterViewController.m */,
				F927227A1D23AD7F00B50C93 /* SORegisterViewController.xib */,
				F9796DBF1D2250440079579E /* SOAdvertisementView.h */,
				F9796DC01D2250440079579E /* SOAdvertisementView.m */,
				F9A2EF7F1CF310A00054AE1C /* SOGuideView.h */,
				F9A2EF801CF310A00054AE1C /* SOGuideView.m */,
			);
			path = "登录";
			sourceTree = "<group>";
		};
		F9A2EF601CF2FDF00054AE1C /* 第三方 */ = {
			isa = PBXGroup;
			children = (
				F92273F61D4B0067003F11FE /* CTTextDisplayView */,
				F92273E51D4B003C003F11FE /* SDPhotoBrowser */,
				F92273A91D4AF736003F11FE /* 视图 */,
				F9E3331E1D4715D300DD0C58 /* 网络框架 */,
			);
			path = "第三方";
			sourceTree = "<group>";
		};
		F9A2EF611CF2FDF00054AE1C /* 扩展 */ = {
			isa = PBXGroup;
			children = (
				F978FB971D08124D00FBC8BC /* NSObject+Extend.h */,
				F978FB981D08124D00FBC8BC /* NSObject+Extend.m */,
				F978FB911D0804C000FBC8BC /* NSString+Extend.h */,
				F978FB921D0804C000FBC8BC /* NSString+Extend.m */,
				F978FB8B1D0803A500FBC8BC /* UIView+HUD.h */,
				F978FB8C1D0803A500FBC8BC /* UIView+HUD.m */,
				F9DE59B41D2A471F00CB4CAB /* UIButton+Extend.h */,
				F9DE59B51D2A471F00CB4CAB /* UIButton+Extend.m */,
				F9E333281D47666500DD0C58 /* UITableView+MJRefresh.h */,
				F9E333291D47666500DD0C58 /* UITableView+MJRefresh.m */,
				F91852791D484F5100D04BC9 /* NSArray+Extend.h */,
				F918527A1D484F5100D04BC9 /* NSArray+Extend.m */,
			);
			path = "扩展";
			sourceTree = "<group>";
		};
		F9A2EF621CF2FDF00054AE1C /* 注册 */ = {
			isa = PBXGroup;
			children = (
			);
			path = "注册";
			sourceTree = "<group>";
		};
		F9A2EF631CF2FDF00054AE1C /* 自定义 */ = {
			isa = PBXGroup;
			children = (
				F9559BCC1D4A004A00BF6BC8 /* SOAlertView.h */,
				F9559BCD1D4A004A00BF6BC8 /* SOAlertView.m */,
				F9559BCE1D4A004A00BF6BC8 /* SOEmptyDataView.h */,
				F9559BCF1D4A004A00BF6BC8 /* SOEmptyDataView.m */,
				F9559BD01D4A004A00BF6BC8 /* SONoticeView.h */,
				F9559BD11D4A004A00BF6BC8 /* SONoticeView.m */,
				F9559BD21D4A004A00BF6BC8 /* SOProgressHUD.h */,
				F9559BD31D4A004A00BF6BC8 /* SOProgressHUD.m */,
				F9559BD41D4A004A00BF6BC8 /* SOSearchBar.h */,
				F9559BD51D4A004A00BF6BC8 /* SOSearchBar.m */,
				F9559BD61D4A004A00BF6BC8 /* SOUserHeaderView.h */,
				F9559BD71D4A004A00BF6BC8 /* SOUserHeaderView.m */,
				F9559BDE1D4A005C00BF6BC8 /* SOTextView.h */,
				F9559BDF1D4A005C00BF6BC8 /* SOTextView.m */,
				F92273B01D4AF840003F11FE /* SOAuthenticationView.h */,
				F92273B11D4AF841003F11FE /* SOAuthenticationView.m */,
				F92273B21D4AF841003F11FE /* SOCategoryButton.h */,
				F92273B31D4AF841003F11FE /* SOCategoryButton.m */,
			);
			path = "自定义";
			sourceTree = "<group>";
		};
		F9A2EF651CF2FE590054AE1C /* 基类 */ = {
			isa = PBXGroup;
			children = (
				F9A2EF6C1CF2FED70054AE1C /* SOBaseTableViewCell.h */,
				F9A2EF6D1CF2FED70054AE1C /* SOBaseTableViewCell.m */,
				F978FB6E1D07F40A00FBC8BC /* SOBaseScrollViewController.h */,
				F978FB6F1D07F40A00FBC8BC /* SOBaseScrollViewController.m */,
				F9A2EF6E1CF2FED70054AE1C /* SOBaseViewController.h */,
				F9A2EF6F1CF2FED70054AE1C /* SOBaseViewController.m */,
				F932BF281D226B08005311C0 /* SOBaseNavigationViewController.h */,
				F932BF291D226B08005311C0 /* SOBaseNavigationViewController.m */,
				F9796DBC1D224FBD0079579E /* SOBaseView.h */,
				F9796DBD1D224FBD0079579E /* SOBaseView.m */,
			);
			path = "基类";
			sourceTree = "<group>";
		};
		F9A2EF7B1CF30B450054AE1C /* 通用 */ = {
			isa = PBXGroup;
			children = (
				F9A2EF7C1CF30B7A0054AE1C /* SOGloble.h */,
				F9A2EF7D1CF30B7A0054AE1C /* SOGloble.m */,
				F92273A31D4AEB44003F11FE /* SOGlobleOperation.h */,
				F92273A41D4AEB44003F11FE /* SOGlobleOperation.m */,
			);
			path = "通用";
			sourceTree = "<group>";
		};
		F9DB42781D48BD61008D8E19 /* 消息 */ = {
			isa = PBXGroup;
			children = (
				F9559BB71D49AFFA00BF6BC8 /* SOEaseMobManager.h */,
				F9559BB81D49AFFA00BF6BC8 /* SOEaseMobManager.m */,
				F9A27D641D499BA100362FA0 /* SOMessageSegmentViewController.h */,
				F9A27D651D499BA100362FA0 /* SOMessageSegmentViewController.m */,
				F9559BC71D49E29100BF6BC8 /* SOChatListViewController.h */,
				F9559BC81D49E29100BF6BC8 /* SOChatListViewController.m */,
				F9559BC91D49E29100BF6BC8 /* SOChatListViewController.xib */,
				F9DB42791D48BDA8008D8E19 /* SOGroupViewController.h */,
				F9DB427A1D48BDA8008D8E19 /* SOGroupViewController.m */,
				F9DB427B1D48BDA8008D8E19 /* SOGroupViewController.xib */,
				F9559BBD1D49DF1200BF6BC8 /* SOCreateGroupViewController.h */,
				F9559BBE1D49DF1200BF6BC8 /* SOCreateGroupViewController.m */,
				F9559BC21D49E0C700BF6BC8 /* SOGroupDetailViewController.h */,
				F9559BC31D49E0C700BF6BC8 /* SOGroupDetailViewController.m */,
				F9559BC41D49E0C700BF6BC8 /* SOGroupDetailViewController.xib */,
				F9559BB21D499F5600BF6BC8 /* SOChatViewController.h */,
				F9559BB31D499F5600BF6BC8 /* SOChatViewController.m */,
				F9559BB41D499F5600BF6BC8 /* SOChatViewController.xib */,
			);
			path = "消息";
			sourceTree = "<group>";
		};
		F9E3331E1D4715D300DD0C58 /* 网络框架 */ = {
			isa = PBXGroup;
			children = (
				F9E3331F1D4715E900DD0C58 /* SONetWork.h */,
				F9E333201D4715E900DD0C58 /* SONetWork.m */,
				F9E333221D47377D00DD0C58 /* SOEncryptionAlgorithm.h */,
				F9E333231D47377D00DD0C58 /* SOEncryptionAlgorithm.m */,
			);
			path = "网络框架";
			sourceTree = "<group>";
		};
		F9FDBEE01CEAFE5900056275 = {
			isa = PBXGroup;
			children = (
				41C4EF7879621B3EBEA837F2 /* Frameworks */,
				1B754073629A68DF2C3416B9 /* Pods */,
				F9FDBEEA1CEAFE5900056275 /* Products */,
				F9FDBEEB1CEAFE5900056275 /* SuperOX */,
			);
			sourceTree = "<group>";
		};
		F9FDBEEA1CEAFE5900056275 /* Products */ = {
			isa = PBXGroup;
			children = (
				F9FDBEE91CEAFE5900056275 /* SuperOX.app */,
			);
			name = Products;
			sourceTree = "<group>";
		};
		F9FDBEEB1CEAFE5900056275 /* SuperOX */ = {
			isa = PBXGroup;
			children = (
				F9A2EF5F1CF2FDF00054AE1C /* 登录 */,
				F9A2EF601CF2FDF00054AE1C /* 第三方 */,
				F9A2EF5B1CF2FD720054AE1C /* 动态 */,
				F9A2EF5C1CF2FD720054AE1C /* 发现 */,
				F978FB711D07F75700FBC8BC /* 根视图 */,
				F9A2EF651CF2FE590054AE1C /* 基类 */,
				F9A2EF611CF2FDF00054AE1C /* 扩展 */,
				F9A2EF7B1CF30B450054AE1C /* 通用 */,
				F9A2EF5D1CF2FD720054AE1C /* 我的 */,
				F9A2EF5E1CF2FD720054AE1C /* 业务 */,
				F9DB42781D48BD61008D8E19 /* 消息 */,
				F9A2EF621CF2FDF00054AE1C /* 注册 */,
				F9A2EF631CF2FDF00054AE1C /* 自定义 */,
				F9FDBEF81CEAFE5900056275 /* Assets.xcassets */,
				F9A2EF771CF30A600054AE1C /* defineConst.h */,
				F9A2EF821CF3E4390054AE1C /* defineString.h */,
				F9FDBEFD1CEAFE5900056275 /* Info.plist */,
				F9FDBEF51CEAFE5900056275 /* Main.storyboard */,
				F9FDBF041CEB076100056275 /* PrefixHeader.pch */,
				F9FDBEEC1CEAFE5900056275 /* Supporting Files */,
			);
			path = SuperOX;
			sourceTree = "<group>";
		};
		F9FDBEEC1CEAFE5900056275 /* Supporting Files */ = {
			isa = PBXGroup;
			children = (
				F9FDBEED1CEAFE5900056275 /* main.m */,
			);
			name = "Supporting Files";
			sourceTree = "<group>";
		};
/* End PBXGroup section */

/* Begin PBXNativeTarget section */
		F9FDBEE81CEAFE5900056275 /* SuperOX */ = {
			isa = PBXNativeTarget;
			buildConfigurationList = F9FDBF001CEAFE5900056275 /* Build configuration list for PBXNativeTarget "SuperOX" */;
			buildPhases = (
				120F62005BC13AC6815DE83C /* [CP] Check Pods Manifest.lock */,
				F9FDBEE51CEAFE5900056275 /* Sources */,
				F9FDBEE61CEAFE5900056275 /* Frameworks */,
				F9FDBEE71CEAFE5900056275 /* Resources */,
				1643F87CF23B59564291D622 /* [CP] Embed Pods Frameworks */,
				0F4FE030F9BCAE17D7F068D2 /* [CP] Copy Pods Resources */,
			);
			buildRules = (
			);
			dependencies = (
			);
			name = SuperOX;
			productName = SuperOX;
			productReference = F9FDBEE91CEAFE5900056275 /* SuperOX.app */;
			productType = "com.apple.product-type.application";
		};
/* End PBXNativeTarget section */

/* Begin PBXProject section */
		F9FDBEE11CEAFE5900056275 /* Project object */ = {
			isa = PBXProject;
			attributes = {
				LastUpgradeCheck = 0730;
				ORGANIZATIONNAME = changxicao;
				TargetAttributes = {
					F9FDBEE81CEAFE5900056275 = {
						CreatedOnToolsVersion = 7.3;
						DevelopmentTeam = 6J4WFQEGQX;
					};
				};
			};
			buildConfigurationList = F9FDBEE41CEAFE5900056275 /* Build configuration list for PBXProject "SuperOX" */;
			compatibilityVersion = "Xcode 3.2";
			developmentRegion = English;
			hasScannedForEncodings = 0;
			knownRegions = (
				en,
				Base,
			);
			mainGroup = F9FDBEE01CEAFE5900056275;
			productRefGroup = F9FDBEEA1CEAFE5900056275 /* Products */;
			projectDirPath = "";
			projectRoot = "";
			targets = (
				F9FDBEE81CEAFE5900056275 /* SuperOX */,
			);
		};
/* End PBXProject section */

/* Begin PBXResourcesBuildPhase section */
		F9FDBEE71CEAFE5900056275 /* Resources */ = {
			isa = PBXResourcesBuildPhase;
			buildActionMask = 2147483647;
			files = (
				F922745C1D4B0067003F11FE /* d_heng@3x.png in Resources */,
				F92273E41D4AFDC2003F11FE /* SOMainPageTableViewCell.xib in Resources */,
				F92273D51D4AFC0D003F11FE /* SONewFriendTableViewCell.xib in Resources */,
				F92274451D4B0067003F11FE /* d_bizui@3x.png in Resources */,
				F92274551D4B0067003F11FE /* d_han@2x.png in Resources */,
				F92274441D4B0067003F11FE /* d_bizui@2x.png in Resources */,
				F9559BC61D49E0C700BF6BC8 /* SOGroupDetailViewController.xib in Resources */,
				F922745E1D4B0067003F11FE /* d_huaxin@3x.png in Resources */,
				F9FD01D81D462EEC00A99825 /* SOUserCenterViewController.xib in Resources */,
				F922743C1D4B0067003F11FE /* d_aini@2x.png in Resources */,
				F92274621D4B0067003F11FE /* d_keai@3x.png in Resources */,
				F92273D11D4AFC0D003F11FE /* SODynamicViewController.xib in Resources */,
				F9A2EF761CF309A00054AE1C /* SOLoginViewController.xib in Resources */,
				F922745A1D4B0067003F11FE /* d_heixian@3x.png in Resources */,
				F922744D1D4B0067003F11FE /* d_dalian@3x.png in Resources */,
				F92274471D4B0067003F11FE /* d_chanzui@3x.png in Resources */,
				F922743D1D4B0067003F11FE /* d_aini@3x.png in Resources */,
				F92274661D4B0067003F11FE /* d_ku@3x.png in Resources */,
				F92274671D4B0067003F11FE /* d_kun@2x.png in Resources */,
				F92274431D4B0067003F11FE /* d_bishi@3x.png in Resources */,
				F9FDBEF91CEAFE5900056275 /* Assets.xcassets in Resources */,
				F92274491D4B0067003F11FE /* d_chijing@3x.png in Resources */,
				F922744B1D4B0067003F11FE /* d_dahaqi@3x.png in Resources */,
				F9FD01CE1D462ECB00A99825 /* SOBusinessViewController.xib in Resources */,
				F92274541D4B0067003F11FE /* d_haixiu@3x.png in Resources */,
				F92273DF1D4AFC62003F11FE /* SORecommendTableViewCell.xib in Resources */,
				F92274481D4B0067003F11FE /* d_chijing@2x.png in Resources */,
				F922746C1D4B0067003F11FE /* hyperlink@2x.png in Resources */,
				F922746F1D4B0067003F11FE /* photo@3x.png in Resources */,
				F92274701D4B0067003F11FE /* video@2x.png in Resources */,
				F9559BCB1D49E29100BF6BC8 /* SOChatListViewController.xib in Resources */,
				F9DB427D1D48BDA8008D8E19 /* SOGroupViewController.xib in Resources */,
				F92274561D4B0067003F11FE /* d_han@3x.png in Resources */,
				F922744E1D4B0067003F11FE /* d_ganmao@2x.png in Resources */,
				F92274401D4B0067003F11FE /* d_beishang@2x.png in Resources */,
				F92274421D4B0067003F11FE /* d_bishi@2x.png in Resources */,
				F9559BB61D499F5600BF6BC8 /* SOChatViewController.xib in Resources */,
				F92274691D4B0067003F11FE /* d_landelini@2x.png in Resources */,
				F922743F1D4B0067003F11FE /* d_baibai@3x.png in Resources */,
				F92274461D4B0067003F11FE /* d_chanzui@2x.png in Resources */,
				F9DE59B01D2A404800CB4CAB /* SOTabbarViewController.xib in Resources */,
				F922744C1D4B0067003F11FE /* d_dalian@2x.png in Resources */,
				F92274511D4B0067003F11FE /* d_guzhang@3x.png in Resources */,
				F922743E1D4B0067003F11FE /* d_baibai@2x.png in Resources */,
				F922745D1D4B0067003F11FE /* d_huaxin@2x.png in Resources */,
				F92274681D4B0067003F11FE /* d_kun@3x.png in Resources */,
				F92274531D4B0067003F11FE /* d_haixiu@2x.png in Resources */,
				F927227C1D23AD7F00B50C93 /* SORegisterViewController.xib in Resources */,
				F922745B1D4B0067003F11FE /* d_heng@2x.png in Resources */,
				F922744F1D4B0067003F11FE /* d_ganmao@3x.png in Resources */,
				F922746D1D4B0067003F11FE /* hyperlink@3x.png in Resources */,
				F92274601D4B0067003F11FE /* d_jiyan@3x.png in Resources */,
				F92274501D4B0067003F11FE /* d_guzhang@2x.png in Resources */,
				F92274591D4B0067003F11FE /* d_heixian@2x.png in Resources */,
				F92274411D4B0067003F11FE /* d_beishang@3x.png in Resources */,
				F92274651D4B0067003F11FE /* d_ku@2x.png in Resources */,
				F922745F1D4B0067003F11FE /* d_jiyan@2x.png in Resources */,
				F92274581D4B0067003F11FE /* d_hehe@3x.png in Resources */,
				F922746A1D4B0067003F11FE /* d_landelini@3x.png in Resources */,
				F92274641D4B0067003F11FE /* d_kelian@3x.png in Resources */,
				F922744A1D4B0067003F11FE /* d_dahaqi@2x.png in Resources */,
				F9FDBEF71CEAFE5900056275 /* Main.storyboard in Resources */,
				F92273D31D4AFC0D003F11FE /* SOExtendTableViewCell.xib in Resources */,
				F92722771D23AD5D00B50C93 /* SOLoginNextViewController.xib in Resources */,
				F92274521D4B0067003F11FE /* d_haha@2x.png in Resources */,
				F92274711D4B0067003F11FE /* video@3x.png in Resources */,
				F9FD01D31D462EDB00A99825 /* SODiscoveryViewController.xib in Resources */,
				F92274631D4B0067003F11FE /* d_kelian@2x.png in Resources */,
				F922746B1D4B0067003F11FE /* emoji.plist in Resources */,
				F92274571D4B0067003F11FE /* d_hehe@2x.png in Resources */,
				F92274611D4B0067003F11FE /* d_keai@2x.png in Resources */,
				F922746E1D4B0067003F11FE /* photo@2x.png in Resources */,
			);
			runOnlyForDeploymentPostprocessing = 0;
		};
/* End PBXResourcesBuildPhase section */

/* Begin PBXShellScriptBuildPhase section */
		0F4FE030F9BCAE17D7F068D2 /* [CP] Copy Pods Resources */ = {
			isa = PBXShellScriptBuildPhase;
			buildActionMask = 2147483647;
			files = (
			);
			inputPaths = (
			);
			name = "[CP] Copy Pods Resources";
			outputPaths = (
			);
			runOnlyForDeploymentPostprocessing = 0;
			shellPath = /bin/sh;
			shellScript = "\"${SRCROOT}/Pods/Target Support Files/Pods-SuperOX/Pods-SuperOX-resources.sh\"\n";
			showEnvVarsInLog = 0;
		};
		120F62005BC13AC6815DE83C /* [CP] Check Pods Manifest.lock */ = {
			isa = PBXShellScriptBuildPhase;
			buildActionMask = 2147483647;
			files = (
			);
			inputPaths = (
			);
			name = "[CP] Check Pods Manifest.lock";
			outputPaths = (
			);
			runOnlyForDeploymentPostprocessing = 0;
			shellPath = /bin/sh;
			shellScript = "diff \"${PODS_ROOT}/../Podfile.lock\" \"${PODS_ROOT}/Manifest.lock\" > /dev/null\nif [[ $? != 0 ]] ; then\n    cat << EOM\nerror: The sandbox is not in sync with the Podfile.lock. Run 'pod install' or update your CocoaPods installation.\nEOM\n    exit 1\nfi\n";
			showEnvVarsInLog = 0;
		};
		1643F87CF23B59564291D622 /* [CP] Embed Pods Frameworks */ = {
			isa = PBXShellScriptBuildPhase;
			buildActionMask = 2147483647;
			files = (
			);
			inputPaths = (
			);
			name = "[CP] Embed Pods Frameworks";
			outputPaths = (
			);
			runOnlyForDeploymentPostprocessing = 0;
			shellPath = /bin/sh;
			shellScript = "\"${SRCROOT}/Pods/Target Support Files/Pods-SuperOX/Pods-SuperOX-frameworks.sh\"\n";
			showEnvVarsInLog = 0;
		};
/* End PBXShellScriptBuildPhase section */

/* Begin PBXSourcesBuildPhase section */
		F9FDBEE51CEAFE5900056275 /* Sources */ = {
			isa = PBXSourcesBuildPhase;
			buildActionMask = 2147483647;
			files = (
				F9559BE01D4A005C00BF6BC8 /* SOTextView.m in Sources */,
				F978FB771D07F75700FBC8BC /* SORootViewController.m in Sources */,
				F92273D21D4AFC0D003F11FE /* SOExtendTableViewCell.m in Sources */,
				F92273B51D4AF841003F11FE /* SOCategoryButton.m in Sources */,
				F978FB991D08124D00FBC8BC /* NSObject+Extend.m in Sources */,
				F932BF2A1D226B08005311C0 /* SOBaseNavigationViewController.m in Sources */,
				F9559BB91D49AFFA00BF6BC8 /* SOEaseMobManager.m in Sources */,
				F9FD01D71D462EEC00A99825 /* SOUserCenterViewController.m in Sources */,
				F9A27D661D499BA100362FA0 /* SOMessageSegmentViewController.m in Sources */,
				F978FB801D07F85300FBC8BC /* SOLoginManager.m in Sources */,
				F92273A51D4AEB44003F11FE /* SOGlobleOperation.m in Sources */,
				F92274391D4B0067003F11FE /* CTTextEmojiUtil.m in Sources */,
				F9FD01CD1D462ECB00A99825 /* SOBusinessViewController.m in Sources */,
				F9E333241D47377D00DD0C58 /* SOEncryptionAlgorithm.m in Sources */,
				F92273AF1D4AF761003F11FE /* YYPhotoGroupView.m in Sources */,
				F9559BCA1D49E29100BF6BC8 /* SOChatListViewController.m in Sources */,
				F9DE59B61D2A471F00CB4CAB /* UIButton+Extend.m in Sources */,
				F92722761D23AD5D00B50C93 /* SOLoginNextViewController.m in Sources */,
				F92273CA1D4AFC0D003F11FE /* SODynamicViewController.m in Sources */,
				F9559BC01D49DF1200BF6BC8 /* SOCreateGroupViewController.m in Sources */,
				F92273D01D4AFC0D003F11FE /* SODynamicObject.m in Sources */,
				F9559BD91D4A004A00BF6BC8 /* SOEmptyDataView.m in Sources */,
				F9796DBE1D224FBD0079579E /* SOBaseView.m in Sources */,
				F922743A1D4B0067003F11FE /* CTTextRun.m in Sources */,
				F978FB701D07F40A00FBC8BC /* SOBaseScrollViewController.m in Sources */,
				F9559BC51D49E0C700BF6BC8 /* SOGroupDetailViewController.m in Sources */,
				F9A2EF751CF309A00054AE1C /* SOLoginViewController.m in Sources */,
				F918527B1D484F5100D04BC9 /* NSArray+Extend.m in Sources */,
				F9559BDD1D4A004A00BF6BC8 /* SOUserHeaderView.m in Sources */,
				F978FB761D07F75700FBC8BC /* SOAppDelegate.m in Sources */,
				F92273E31D4AFDC2003F11FE /* SOMainPageTableViewCell.m in Sources */,
				F9A2EF711CF2FED70054AE1C /* SOBaseViewController.m in Sources */,
				F92273F11D4B003C003F11FE /* SDBrowserImageView.m in Sources */,
				F9A2EF7E1CF30B7A0054AE1C /* SOGloble.m in Sources */,
				F9796DC11D2250440079579E /* SOAdvertisementView.m in Sources */,
				F9559BDC1D4A004A00BF6BC8 /* SOSearchBar.m in Sources */,
				F9E333211D4715E900DD0C58 /* SONetWork.m in Sources */,
				F978FB7D1D07F84400FBC8BC /* SOLoginObject.m in Sources */,
				F92273F41D4B003C003F11FE /* SDPhotoItem.m in Sources */,
				F9DE59AF1D2A404800CB4CAB /* SOTabbarViewController.m in Sources */,
				F92273A21D4AE9CA003F11FE /* SOBusinessObject.m in Sources */,
				F92273F21D4B003C003F11FE /* SDPhotoBrowser.m in Sources */,
				F92273F31D4B003C003F11FE /* SDPhotoGroup.m in Sources */,
				F922743B1D4B0067003F11FE /* CTTextStyleModel.m in Sources */,
				F9559BDB1D4A004A00BF6BC8 /* SOProgressHUD.m in Sources */,
				F9559BDA1D4A004A00BF6BC8 /* SONoticeView.m in Sources */,
				F978FB931D0804C000FBC8BC /* NSString+Extend.m in Sources */,
				F9A2EF701CF2FED70054AE1C /* SOBaseTableViewCell.m in Sources */,
				F92273B41D4AF841003F11FE /* SOAuthenticationView.m in Sources */,
				F9559BB51D499F5600BF6BC8 /* SOChatViewController.m in Sources */,
				F9FD01D21D462EDB00A99825 /* SODiscoveryViewController.m in Sources */,
				F92273F51D4B003C003F11FE /* SDWaitingView.m in Sources */,
				F92273D41D4AFC0D003F11FE /* SONewFriendTableViewCell.m in Sources */,
				F9DB427C1D48BDA8008D8E19 /* SOGroupViewController.m in Sources */,
				F92274381D4B0067003F11FE /* CTTextDisplayView.m in Sources */,
				F92273A81D4AEB7B003F11FE /* SODiscoveryObject.m in Sources */,
				F978FB8D1D0803A500FBC8BC /* UIView+HUD.m in Sources */,
				F927227B1D23AD7F00B50C93 /* SORegisterViewController.m in Sources */,
				F9559BD81D4A004A00BF6BC8 /* SOAlertView.m in Sources */,
				F92273AE1D4AF761003F11FE /* YYControl.m in Sources */,
				F9A2EF811CF310A00054AE1C /* SOGuideView.m in Sources */,
				F92273DE1D4AFC62003F11FE /* SORecommendTableViewCell.m in Sources */,
				F9E3332A1D47666500DD0C58 /* UITableView+MJRefresh.m in Sources */,
				F92273CF1D4AFC0D003F11FE /* SODynamicManager.m in Sources */,
				F9FDBEEE1CEAFE5900056275 /* main.m in Sources */,
			);
			runOnlyForDeploymentPostprocessing = 0;
		};
/* End PBXSourcesBuildPhase section */

/* Begin PBXVariantGroup section */
		F9FDBEF51CEAFE5900056275 /* Main.storyboard */ = {
			isa = PBXVariantGroup;
			children = (
				F9FDBEF61CEAFE5900056275 /* Base */,
			);
			name = Main.storyboard;
			sourceTree = "<group>";
		};
/* End PBXVariantGroup section */

/* Begin XCBuildConfiguration section */
		F978FB951D08072800FBC8BC /* Debug_TEST */ = {
			isa = XCBuildConfiguration;
			buildSettings = {
				ALWAYS_SEARCH_USER_PATHS = NO;
				CLANG_ANALYZER_NONNULL = YES;
				CLANG_CXX_LANGUAGE_STANDARD = "gnu++0x";
				CLANG_CXX_LIBRARY = "libc++";
				CLANG_ENABLE_MODULES = YES;
				CLANG_ENABLE_OBJC_ARC = YES;
				CLANG_WARN_BOOL_CONVERSION = YES;
				CLANG_WARN_CONSTANT_CONVERSION = YES;
				CLANG_WARN_DIRECT_OBJC_ISA_USAGE = YES_ERROR;
				CLANG_WARN_EMPTY_BODY = YES;
				CLANG_WARN_ENUM_CONVERSION = YES;
				CLANG_WARN_INT_CONVERSION = YES;
				CLANG_WARN_OBJC_ROOT_CLASS = YES_ERROR;
				CLANG_WARN_UNREACHABLE_CODE = YES;
				CLANG_WARN__DUPLICATE_METHOD_MATCH = YES;
				"CODE_SIGN_IDENTITY[sdk=iphoneos*]" = "iPhone Developer";
				COPY_PHASE_STRIP = NO;
				DEBUG_INFORMATION_FORMAT = dwarf;
				ENABLE_STRICT_OBJC_MSGSEND = YES;
				ENABLE_TESTABILITY = YES;
				GCC_C_LANGUAGE_STANDARD = gnu99;
				GCC_DYNAMIC_NO_PIC = NO;
				GCC_NO_COMMON_BLOCKS = YES;
				GCC_OPTIMIZATION_LEVEL = 0;
				GCC_PREPROCESSOR_DEFINITIONS = (
					"DEBUG_TEST=1",
					"$(inherited)",
				);
				GCC_WARN_64_TO_32_BIT_CONVERSION = YES;
				GCC_WARN_ABOUT_RETURN_TYPE = YES_ERROR;
				GCC_WARN_UNDECLARED_SELECTOR = YES;
				GCC_WARN_UNINITIALIZED_AUTOS = YES_AGGRESSIVE;
				GCC_WARN_UNUSED_FUNCTION = YES;
				GCC_WARN_UNUSED_VARIABLE = YES;
				IPHONEOS_DEPLOYMENT_TARGET = 9.3;
				MTL_ENABLE_DEBUG_INFO = YES;
				ONLY_ACTIVE_ARCH = YES;
				SDKROOT = iphoneos;
			};
			name = Debug_TEST;
		};
		F978FB961D08072800FBC8BC /* Debug_TEST */ = {
			isa = XCBuildConfiguration;
			baseConfigurationReference = E81841C47950F5EEFB7AEDB7 /* Pods-SuperOX.debug_test.xcconfig */;
			buildSettings = {
				ASSETCATALOG_COMPILER_APPICON_NAME = AppIcon;
				ASSETCATALOG_COMPILER_LAUNCHIMAGE_NAME = LaunchImage;
				CLANG_ENABLE_MODULE_DEBUGGING = NO;
				CODE_SIGN_IDENTITY = "iPhone Developer: xie jian (A35C7Q22SB)";
				ENABLE_BITCODE = NO;
				GCC_PRECOMPILE_PREFIX_HEADER = YES;
				GCC_PREFIX_HEADER = "$(PROJECT)/PrefixHeader.pch";
				INFOPLIST_FILE = SuperOX/Info.plist;
				IPHONEOS_DEPLOYMENT_TARGET = 7.0;
				LD_RUNPATH_SEARCH_PATHS = "$(inherited) @executable_path/Frameworks";
				PRODUCT_BUNDLE_IDENTIFIER = beta.SuperOX;
				PRODUCT_NAME = "$(TARGET_NAME)";
				PROVISIONING_PROFILE = "70961563-7c0f-4ac5-86b8-1aedfc1b4c2a";
			};
			name = Debug_TEST;
		};
		F9FDBEFE1CEAFE5900056275 /* Debug */ = {
			isa = XCBuildConfiguration;
			buildSettings = {
				ALWAYS_SEARCH_USER_PATHS = NO;
				CLANG_ANALYZER_NONNULL = YES;
				CLANG_CXX_LANGUAGE_STANDARD = "gnu++0x";
				CLANG_CXX_LIBRARY = "libc++";
				CLANG_ENABLE_MODULES = YES;
				CLANG_ENABLE_OBJC_ARC = YES;
				CLANG_WARN_BOOL_CONVERSION = YES;
				CLANG_WARN_CONSTANT_CONVERSION = YES;
				CLANG_WARN_DIRECT_OBJC_ISA_USAGE = YES_ERROR;
				CLANG_WARN_EMPTY_BODY = YES;
				CLANG_WARN_ENUM_CONVERSION = YES;
				CLANG_WARN_INT_CONVERSION = YES;
				CLANG_WARN_OBJC_ROOT_CLASS = YES_ERROR;
				CLANG_WARN_UNREACHABLE_CODE = YES;
				CLANG_WARN__DUPLICATE_METHOD_MATCH = YES;
				"CODE_SIGN_IDENTITY[sdk=iphoneos*]" = "iPhone Developer";
				COPY_PHASE_STRIP = NO;
				DEBUG_INFORMATION_FORMAT = dwarf;
				ENABLE_STRICT_OBJC_MSGSEND = YES;
				ENABLE_TESTABILITY = YES;
				GCC_C_LANGUAGE_STANDARD = gnu99;
				GCC_DYNAMIC_NO_PIC = NO;
				GCC_NO_COMMON_BLOCKS = YES;
				GCC_OPTIMIZATION_LEVEL = 0;
				GCC_PREPROCESSOR_DEFINITIONS = (
					"DEBUG=2",
					"$(inherited)",
				);
				GCC_WARN_64_TO_32_BIT_CONVERSION = YES;
				GCC_WARN_ABOUT_RETURN_TYPE = YES_ERROR;
				GCC_WARN_UNDECLARED_SELECTOR = YES;
				GCC_WARN_UNINITIALIZED_AUTOS = YES_AGGRESSIVE;
				GCC_WARN_UNUSED_FUNCTION = YES;
				GCC_WARN_UNUSED_VARIABLE = YES;
				IPHONEOS_DEPLOYMENT_TARGET = 9.3;
				MTL_ENABLE_DEBUG_INFO = YES;
				ONLY_ACTIVE_ARCH = YES;
				SDKROOT = iphoneos;
			};
			name = Debug;
		};
		F9FDBEFF1CEAFE5900056275 /* Release */ = {
			isa = XCBuildConfiguration;
			buildSettings = {
				ALWAYS_SEARCH_USER_PATHS = NO;
				CLANG_ANALYZER_NONNULL = YES;
				CLANG_CXX_LANGUAGE_STANDARD = "gnu++0x";
				CLANG_CXX_LIBRARY = "libc++";
				CLANG_ENABLE_MODULES = YES;
				CLANG_ENABLE_OBJC_ARC = YES;
				CLANG_WARN_BOOL_CONVERSION = YES;
				CLANG_WARN_CONSTANT_CONVERSION = YES;
				CLANG_WARN_DIRECT_OBJC_ISA_USAGE = YES_ERROR;
				CLANG_WARN_EMPTY_BODY = YES;
				CLANG_WARN_ENUM_CONVERSION = YES;
				CLANG_WARN_INT_CONVERSION = YES;
				CLANG_WARN_OBJC_ROOT_CLASS = YES_ERROR;
				CLANG_WARN_UNREACHABLE_CODE = YES;
				CLANG_WARN__DUPLICATE_METHOD_MATCH = YES;
				"CODE_SIGN_IDENTITY[sdk=iphoneos*]" = "iPhone Developer";
				COPY_PHASE_STRIP = NO;
				DEBUG_INFORMATION_FORMAT = "dwarf-with-dsym";
				ENABLE_NS_ASSERTIONS = NO;
				ENABLE_STRICT_OBJC_MSGSEND = YES;
				GCC_C_LANGUAGE_STANDARD = gnu99;
				GCC_NO_COMMON_BLOCKS = YES;
				GCC_WARN_64_TO_32_BIT_CONVERSION = YES;
				GCC_WARN_ABOUT_RETURN_TYPE = YES_ERROR;
				GCC_WARN_UNDECLARED_SELECTOR = YES;
				GCC_WARN_UNINITIALIZED_AUTOS = YES_AGGRESSIVE;
				GCC_WARN_UNUSED_FUNCTION = YES;
				GCC_WARN_UNUSED_VARIABLE = YES;
				IPHONEOS_DEPLOYMENT_TARGET = 9.3;
				MTL_ENABLE_DEBUG_INFO = NO;
				SDKROOT = iphoneos;
				VALIDATE_PRODUCT = YES;
			};
			name = Release;
		};
		F9FDBF011CEAFE5900056275 /* Debug */ = {
			isa = XCBuildConfiguration;
			baseConfigurationReference = 438743E9E0FCA64206AA1BD4 /* Pods-SuperOX.debug.xcconfig */;
			buildSettings = {
				ASSETCATALOG_COMPILER_APPICON_NAME = AppIcon;
				ASSETCATALOG_COMPILER_LAUNCHIMAGE_NAME = LaunchImage;
				CLANG_ENABLE_MODULE_DEBUGGING = NO;
				CODE_SIGN_IDENTITY = "iPhone Developer: xie jian (A35C7Q22SB)";
				ENABLE_BITCODE = NO;
				GCC_PRECOMPILE_PREFIX_HEADER = YES;
				GCC_PREFIX_HEADER = "$(PROJECT)/PrefixHeader.pch";
				INFOPLIST_FILE = SuperOX/Info.plist;
				IPHONEOS_DEPLOYMENT_TARGET = 7.0;
				LD_RUNPATH_SEARCH_PATHS = "$(inherited) @executable_path/Frameworks";
				PRODUCT_BUNDLE_IDENTIFIER = beta.SuperOX;
				PRODUCT_NAME = "$(TARGET_NAME)";
				PROVISIONING_PROFILE = "70961563-7c0f-4ac5-86b8-1aedfc1b4c2a";
			};
			name = Debug;
		};
		F9FDBF021CEAFE5900056275 /* Release */ = {
			isa = XCBuildConfiguration;
			baseConfigurationReference = D621B8E60C40F83A90A82CA2 /* Pods-SuperOX.release.xcconfig */;
			buildSettings = {
				ASSETCATALOG_COMPILER_APPICON_NAME = AppIcon;
				ASSETCATALOG_COMPILER_LAUNCHIMAGE_NAME = LaunchImage;
				CODE_SIGN_IDENTITY = "iPhone Developer: xie jian (A35C7Q22SB)";
				ENABLE_BITCODE = NO;
				GCC_PRECOMPILE_PREFIX_HEADER = YES;
				GCC_PREFIX_HEADER = "$(PROJECT)/PrefixHeader.pch";
				INFOPLIST_FILE = SuperOX/Info.plist;
				IPHONEOS_DEPLOYMENT_TARGET = 7.0;
				LD_RUNPATH_SEARCH_PATHS = "$(inherited) @executable_path/Frameworks";
				PRODUCT_BUNDLE_IDENTIFIER = beta.SuperOX;
				PRODUCT_NAME = "$(TARGET_NAME)";
				PROVISIONING_PROFILE = "70961563-7c0f-4ac5-86b8-1aedfc1b4c2a";
			};
			name = Release;
		};
/* End XCBuildConfiguration section */

/* Begin XCConfigurationList section */
		F9FDBEE41CEAFE5900056275 /* Build configuration list for PBXProject "SuperOX" */ = {
			isa = XCConfigurationList;
			buildConfigurations = (
				F9FDBEFE1CEAFE5900056275 /* Debug */,
				F978FB951D08072800FBC8BC /* Debug_TEST */,
				F9FDBEFF1CEAFE5900056275 /* Release */,
			);
			defaultConfigurationIsVisible = 0;
			defaultConfigurationName = Release;
		};
		F9FDBF001CEAFE5900056275 /* Build configuration list for PBXNativeTarget "SuperOX" */ = {
			isa = XCConfigurationList;
			buildConfigurations = (
				F9FDBF011CEAFE5900056275 /* Debug */,
				F978FB961D08072800FBC8BC /* Debug_TEST */,
				F9FDBF021CEAFE5900056275 /* Release */,
			);
			defaultConfigurationIsVisible = 0;
			defaultConfigurationName = Release;
		};
/* End XCConfigurationList section */
	};
	rootObject = F9FDBEE11CEAFE5900056275 /* Project object */;
}
